{
  "originHash" : "5751fcbe53b64441ed73aceb16987d6b3fc3ebc666cb9ec2de1f6a2d441f2515",
  "pins" : [
    {
      "identity" : "sparkle",
      "kind" : "remoteSourceControl",
      "location" : "https://github.com/sparkle-project/Sparkle.git",
      "state" : {
        "revision" : "afea2cda87819c960114f26e26f369a1a0945b17",
        "version" : "2.9.0-beta.2"
      }
    }
  ],
  "version" : 3
}
