{
  "originHash" : "5751fcbe53b64441ed73aceb16987d6b3fc3ebc666cb9ec2de1f6a2d441f2515",
  "pins" : [
    {
      "identity" : "sparkle",
      "kind" : "remoteSourceControl",
      "location" : "https://github.com/sparkle-project/Sparkle.git",
      "state" : {
        "revision" : "e641adb41915a8409895e2e30666aa64e487b637",
        "version" : "2.9.0-beta.1"
      }
    }
  ],
  "version" : 3
}
