cloud.google.com/go v0.26.0/go.mod h1:aQUYkXzVsufM+DwF1aE+0xfcU+56JwCaLick0ClmMTw=
cloud.google.com/go v0.31.0/go.mod h1:aQUYkXzVsufM+DwF1aE+0xfcU+56JwCaLick0ClmMTw=
cloud.google.com/go v0.34.0/go.mod h1:aQUYkXzVsufM+DwF1aE+0xfcU+56JwCaLick0ClmMTw=
cloud.google.com/go v0.37.0/go.mod h1:TS1dMSSfndXH133OKGwekG838Om/cQT0BUHV3HcBgoo=
dmitri.shuralyov.com/app/changes v0.0.0-20180602232624-0a106ad413e3/go.mod h1:Yl+fi1br7+Rr3LqpNJf1/uxUdtRUV+Tnj0o93V2B9MU=
dmitri.shuralyov.com/html/belt v0.0.0-20180602232347-f7d459c86be0/go.mod h1:JLBrvjyP0v+ecvNYvCpyZgu5/xkfAUhi6wJj28eUfSU=
dmitri.shuralyov.com/service/change v0.0.0-20181023043359-a85b471d5412/go.mod h1:a1inKt/atXimZ4Mv927x+r7UpyzRUf4emIoiiSC2TN4=
dmitri.shuralyov.com/state v0.0.0-20180228185332-28bcc343414c/go.mod h1:0PRwlb0D6DFvNNtx+9ybjezNCa8XF0xaYcETyp6rHWU=
git.apache.org/thrift.git v0.0.0-20180902110319-2566ecd5d999/go.mod h1:fPE2ZNJGynbRyZ4dJvy6G277gSllfV2HJqblrnkyeyg=
github.com/BurntSushi/toml v0.3.1/go.mod h1:xHWCNGjB5oqiDr8zfno3MHue2Ht5sIBksp03qcyfWMU=
github.com/anmitsu/go-shlex v0.0.0-20161002113705-648efa622239/go.mod h1:2FmKhYUyUczH0OGQWaF5ceTx0UBShxjsH6f8oGKYe2c=
github.com/benbjohnson/clock v1.3.5 h1:VvXlSJBzZpA/zum6Sj74hxwYI2DIxRWuNIoXAzHZz5o=
github.com/benbjohnson/clock v1.3.5/go.mod h1:J11/hYXuz8f4ySSvYwY0FKfm+ezbsZBKZxNJlLklBHA=
github.com/beorn7/perks v0.0.0-20180321164747-3a771d992973/go.mod h1:Dwedo/Wpr24TaqPxmxbtue+5NUziq4I4S80YR8gNf3Q=
github.com/beorn7/perks v1.0.1 h1:VlbKKnNfV8bJzeqoa4cOKqO6bYr3WgKZxO8Z16+hsOM=
github.com/beorn7/perks v1.0.1/go.mod h1:G2ZrVWU2WbWT9wwq4/hrbKbnv/1ERSJQ0ibhJ6rlkpw=
github.com/bradfitz/go-smtpd v0.0.0-20170404230938-deb6d6237625/go.mod h1:HYsPBTaaSFSlLx/70C2HPIMNZpVV8+vt/A+FMnYP11g=
github.com/buger/jsonparser v0.0.0-20181115193947-bf1c66bbce23/go.mod h1:bbYlZJ7hK1yFx9hf58LP0zeX7UjIGs20ufpu3evjr+s=
github.com/cespare/xxhash/v2 v2.3.0 h1:UL815xU9SqsFlibzuggzjXhog7bL6oX9BbNZnL2UFvs=
github.com/cespare/xxhash/v2 v2.3.0/go.mod h1:VGX0DQ3Q6kWi7AoAeZDth3/j3BFtOZR5XLFGgcrjCOs=
github.com/client9/misspell v0.3.4/go.mod h1:qj6jICC3Q7zFZvVWo7KLAzC3yx5G7kyvSDkc90ppPyw=
github.com/coreos/go-systemd v0.0.0-20181012123002-c6f51f82210d/go.mod h1:F5haX7vjVVG0kc13fIWeqUViNPyEJxv/OmvnBo0Yme4=
github.com/davecgh/go-spew v1.1.0/go.mod h1:J7Y8YcW2NihsgmVo/mv3lAwl/skON4iLHjSsI+c5H38=
github.com/davecgh/go-spew v1.1.1 h1:vj9j/u1bqnvCEfJOwUhtlOARqs3+rkHYY13jYWTU97c=
github.com/davecgh/go-spew v1.1.1/go.mod h1:J7Y8YcW2NihsgmVo/mv3lAwl/skON4iLHjSsI+c5H38=
github.com/davidlazar/go-crypto v0.0.0-20200604182044-b73af7476f6c h1:pFUpOrbxDR6AkioZ1ySsx5yxlDQZ8stG2b88gTPxgJU=
github.com/davidlazar/go-crypto v0.0.0-20200604182044-b73af7476f6c/go.mod h1:6UhI8N9EjYm1c2odKpFpAYeR8dsBeM7PtzQhRgxRr9U=
github.com/decred/dcrd/crypto/blake256 v1.1.0 h1:zPMNGQCm0g4QTY27fOCorQW7EryeQ/U0x++OzVrdms8=
github.com/decred/dcrd/crypto/blake256 v1.1.0/go.mod h1:2OfgNZ5wDpcsFmHmCK5gZTPcCXqlm2ArzUIkw9czNJo=
github.com/decred/dcrd/dcrec/secp256k1/v4 v4.4.0 h1:NMZiJj8QnKe1LgsbDayM4UoHwbvwDRwnI3hwNaAHRnc=
github.com/decred/dcrd/dcrec/secp256k1/v4 v4.4.0/go.mod h1:ZXNYxsqcloTdSy/rNShjYzMhyjf0LaoftYK0p+A3h40=
github.com/dustin/go-humanize v1.0.0/go.mod h1:HtrtbFcZ19U5GC7JDqmcUSB87Iq5E25KnS6fMYU6eOk=
github.com/flynn/go-shlex v0.0.0-20150515145356-3f9db97f8568/go.mod h1:xEzjJPgXI435gkrCt3MPfRiAkVrwSbHsst4LCFVfpJc=
github.com/flynn/noise v1.1.0 h1:KjPQoQCEFdZDiP03phOvGi11+SVVhBG2wOWAorLsstg=
github.com/flynn/noise v1.1.0/go.mod h1:xbMo+0i6+IGbYdJhF31t2eR1BIU0CYc12+BNAKwUTag=
github.com/francoispqt/gojay v1.2.13 h1:d2m3sFjloqoIUQU3TsHBgj6qg/BVGlTBeHDUmyJnXKk=
github.com/francoispqt/gojay v1.2.13/go.mod h1:ehT5mTG4ua4581f1++1WLG0vPdaA9HaiDsoyrBGkyDY=
github.com/fsnotify/fsnotify v1.4.7/go.mod h1:jwhsz4b93w/PPRr/qN1Yymfu8t87LnFCMoQvtojpjFo=
github.com/ghodss/yaml v1.0.0/go.mod h1:4dBDuWmgqj2HViK6kFavaiC9ZROes6MMH2rRYeMEF04=
github.com/gliderlabs/ssh v0.1.1/go.mod h1:U7qILu1NlMHj9FlMhZLlkCdDnU1DBEAqr0aevW3Awn0=
github.com/go-errors/errors v1.0.1/go.mod h1:f4zRHt4oKfwPJE5k8C9vpYG+aDHdBFUsgrm6/TyX73Q=
github.com/gogo/protobuf v1.1.1/go.mod h1:r8qH/GZQm5c6nD/R0oafs1akxWv10x8SbQlK7atdtwQ=
github.com/golang/glog v0.0.0-20160126235308-23def4e6c14b/go.mod h1:SBH7ygxi8pfUlaOkMMuAQtPIUF8ecWP5IEl/CR7VP2Q=
github.com/golang/lint v0.0.0-20180702182130-06c8688daad7/go.mod h1:tluoj9z5200jBnyusfRPU2LqT6J+DAorxEvtC7LHB+E=
github.com/golang/mock v1.1.1/go.mod h1:oTYuIxOrZwtPieC+H1uAHpcLFnEyAGVDL/k47Jfbm0A=
github.com/golang/mock v1.2.0/go.mod h1:oTYuIxOrZwtPieC+H1uAHpcLFnEyAGVDL/k47Jfbm0A=
github.com/golang/protobuf v1.2.0/go.mod h1:6lQm79b+lXiMfvg/cZm0SGofjICqVBUtrP5yJMmIC1U=
github.com/golang/protobuf v1.3.1/go.mod h1:6lQm79b+lXiMfvg/cZm0SGofjICqVBUtrP5yJMmIC1U=
github.com/google/btree v0.0.0-20180813153112-4030bb1f1f0c/go.mod h1:lNA+9X1NB3Zf8V7Ke586lFgjr2dZNuvo3lPJSGZ5JPQ=
github.com/google/go-cmp v0.2.0/go.mod h1:oXzfMopK8JAjlY9xF4vHSVASa0yLyX7SntLO5aqRK0M=
github.com/google/go-cmp v0.7.0 h1:wk8382ETsv4JYUZwIsn6YpYiWiBsYLSJiTsyBybVuN8=
github.com/google/go-cmp v0.7.0/go.mod h1:pXiqmnSA92OHEEa9HXL2W4E7lf9JzCmGVUdgjX3N/iU=
github.com/google/go-github v17.0.0+incompatible/go.mod h1:zLgOLi98H3fifZn+44m+umXrS52loVEgC2AApnigrVQ=
github.com/google/go-querystring v1.0.0/go.mod h1:odCYkC5MyYFN7vkCjXpyrEuKhc/BUO6wN/zVPAxq5ck=
github.com/google/gopacket v1.1.19 h1:ves8RnFZPGiFnTS0uPQStjwru6uO6h+nlr9j6fL7kF8=
github.com/google/gopacket v1.1.19/go.mod h1:iJ8V8n6KS+z2U1A8pUwu8bW5SyEMkXJB8Yo/Vo+TKTo=
github.com/google/martian v2.1.0+incompatible/go.mod h1:9I4somxYTbIHy5NJKHRl3wXiIaQGbYVAs8BPL6v8lEs=
github.com/google/pprof v0.0.0-20181206194817-3ea8567a2e57/go.mod h1:zfwlbNMJ+OItoe0UupaVj+oy1omPYYDuagoSzA8v9mc=
github.com/google/uuid v1.6.0 h1:NIvaJDMOsjHA8n1jAhLSgzrAzy1Hgr+hNrb57e+94F0=
github.com/google/uuid v1.6.0/go.mod h1:TIyPZe4MgqvfeYDBFedMoGGpEw/LqOeaOT+nhxU+yHo=
github.com/googleapis/gax-go v2.0.0+incompatible/go.mod h1:SFVmujtThgffbyetf+mdk2eWhX2bMyUtNHzFKcPA9HY=
github.com/googleapis/gax-go/v2 v2.0.3/go.mod h1:LLvjysVCY1JZeum8Z6l8qUty8fiNwE08qbEPm1M08qg=
github.com/gopherjs/gopherjs v0.0.0-20181017120253-0766667cb4d1/go.mod h1:wJfORRmW1u3UXTncJ5qlYoELFm8eSnnEO6hX4iZ3EWY=
github.com/gorilla/websocket v1.5.3 h1:saDtZ6Pbx/0u+bgYQ3q96pZgCzfhKXGPqt7kZ72aNNg=
github.com/gorilla/websocket v1.5.3/go.mod h1:YR8l580nyteQvAITg2hZ9XVh4b55+EU/adAjf1fMHhE=
github.com/gregjones/httpcache v0.0.0-20180305231024-9cad4c3443a7/go.mod h1:FecbI9+v66THATjSRHfNgh1IVFe/9kFxbXtjV0ctIMA=
github.com/grpc-ecosystem/grpc-gateway v1.5.0/go.mod h1:RSKVYQBd5MCa4OVpNdGskqpgL2+G+NZTnrVHpWWfpdw=
github.com/huin/goupnp v1.3.0 h1:UvLUlWDNpoUdYzb2TCn+MuTWtcjXKSza2n6CBdQ0xXc=
github.com/huin/goupnp v1.3.0/go.mod h1:gnGPsThkYa7bFi/KWmEysQRf48l2dvR5bxr2OFckNX8=
github.com/ipfs/go-cid v0.5.0 h1:goEKKhaGm0ul11IHA7I6p1GmKz8kEYniqFopaB5Otwg=
github.com/ipfs/go-cid v0.5.0/go.mod h1:0L7vmeNXpQpUS9vt+yEARkJ8rOg43DF3iPgn4GIN0mk=
github.com/ipfs/go-log/v2 v2.6.0 h1:2Nu1KKQQ2ayonKp4MPo6pXCjqw1ULc9iohRqWV5EYqg=
github.com/ipfs/go-log/v2 v2.6.0/go.mod h1:p+Efr3qaY5YXpx9TX7MoLCSEZX5boSWj9wh86P5HJa8=
github.com/jackpal/go-nat-pmp v1.0.2 h1:KzKSgb7qkJvOUTqYl9/Hg/me3pWgBmERKrTGD7BdWus=
github.com/jackpal/go-nat-pmp v1.0.2/go.mod h1:QPH045xvCAeXUZOxsnwmrtiCoxIr9eob+4orBN1SBKc=
github.com/jbenet/go-temp-err-catcher v0.1.0 h1:zpb3ZH6wIE8Shj2sKS+khgRvf7T7RABoLk/+KKHggpk=
github.com/jbenet/go-temp-err-catcher v0.1.0/go.mod h1:0kJRvmDZXNMIiJirNPEYfhpPwbGVtZVWC34vc5WLsDk=
github.com/jellevandenhooff/dkim v0.0.0-20150330215556-f50fe3d243e1/go.mod h1:E0B/fFc00Y+Rasa88328GlI/XbtyysCtTHZS8h7IrBU=
github.com/json-iterator/go v1.1.6/go.mod h1:+SdeFBvtyEkXs7REEP0seUULqWtbJapLOCVDaaPEHmU=
github.com/jstemmer/go-junit-report v0.0.0-20190106144839-af01ea7f8024/go.mod h1:6v2b51hI/fHJwM22ozAgKL4VKDeJcHhJFhtBdhmNjmU=
github.com/kisielk/gotool v1.0.0/go.mod h1:XhKaO+MFFWcvkIS/tQcRk01m1F5IRFswLeQ+oQHNcck=
github.com/klauspost/compress v1.18.0 h1:c/Cqfb0r+Yi+JtIEq73FWXVkRonBlf0CRNYc8Zttxdo=
github.com/klauspost/compress v1.18.0/go.mod h1:2Pp+KzxcywXVXMr50+X0Q/Lsb43OQHYWRCY2AiWywWQ=
github.com/klauspost/cpuid/v2 v2.2.10 h1:tBs3QSyvjDyFTq3uoc/9xFpCuOsJQFNPiAhYdw2skhE=
github.com/klauspost/cpuid/v2 v2.2.10/go.mod h1:hqwkgyIinND0mEev00jJYCxPNVRVXFQeu1XKlok6oO0=
github.com/koron/go-ssdp v0.0.6 h1:Jb0h04599eq/CY7rB5YEqPS83HmRfHP2azkxMN2rFtU=
github.com/koron/go-ssdp v0.0.6/go.mod h1:0R9LfRJGek1zWTjN3JUNlm5INCDYGpRDfAptnct63fI=
github.com/kr/pretty v0.1.0/go.mod h1:dAy3ld7l9f0ibDNOQOHHMYYIIbhfbHSm3C4ZsoJORNo=
github.com/kr/pretty v0.2.1/go.mod h1:ipq/a2n7PKx3OHsz4KJII5eveXtPO4qwEXGdVfWzfnI=
github.com/kr/pretty v0.3.1 h1:flRD4NNwYAUpkphVc1HcthR4KEIFJ65n8Mw5qdRn3LE=
github.com/kr/pretty v0.3.1/go.mod h1:hoEshYVHaxMs3cyo3Yncou5ZscifuDolrwPKZanG3xk=
github.com/kr/pty v1.1.1/go.mod h1:pFQYn66WHrOpPYNljwOMqo10TkYh1fy3cYio2l3bCsQ=
github.com/kr/pty v1.1.3/go.mod h1:pFQYn66WHrOpPYNljwOMqo10TkYh1fy3cYio2l3bCsQ=
github.com/kr/text v0.1.0/go.mod h1:4Jbv+DJW3UT/LiOwJeYQe1efqtUx/iVham/4vfdArNI=
github.com/kr/text v0.2.0 h1:5Nx0Ya0ZqY2ygV366QzturHI13Jq95ApcVaJBhpS+AY=
github.com/kr/text v0.2.0/go.mod h1:eLer722TekiGuMkidMxC/pM04lWEeraHUUmBw8l2grE=
github.com/libp2p/go-buffer-pool v0.1.0 h1:oK4mSFcQz7cTQIfqbe4MIj9gLW+mnanjyFtc6cdF0Y8=
github.com/libp2p/go-buffer-pool v0.1.0/go.mod h1:N+vh8gMqimBzdKkSMVuydVDq+UV5QTWy5HSiZacSbPg=
github.com/libp2p/go-flow-metrics v0.2.0 h1:EIZzjmeOE6c8Dav0sNv35vhZxATIXWZg6j/C08XmmDw=
github.com/libp2p/go-flow-metrics v0.2.0/go.mod h1:st3qqfu8+pMfh+9Mzqb2GTiwrAGjIPszEjZmtksN8Jc=
github.com/libp2p/go-libp2p v0.43.0 h1:b2bg2cRNmY4HpLK8VHYQXLX2d3iND95OjodLFymvqXU=
github.com/libp2p/go-libp2p v0.43.0/go.mod h1:IiSqAXDyP2sWH+J2gs43pNmB/y4FOi2XQPbsb+8qvzc=
github.com/libp2p/go-libp2p-asn-util v0.4.1 h1:xqL7++IKD9TBFMgnLPZR6/6iYhawHKHl950SO9L6n94=
github.com/libp2p/go-libp2p-asn-util v0.4.1/go.mod h1:d/NI6XZ9qxw67b4e+NgpQexCIiFYJjErASrYW4PFDN8=
github.com/libp2p/go-libp2p-testing v0.12.0 h1:EPvBb4kKMWO29qP4mZGyhVzUyR25dvfUIK5WDu6iPUA=
github.com/libp2p/go-libp2p-testing v0.12.0/go.mod h1:KcGDRXyN7sQCllucn1cOOS+Dmm7ujhfEyXQL5lvkcPg=
github.com/libp2p/go-msgio v0.3.0 h1:mf3Z8B1xcFN314sWX+2vOTShIE0Mmn2TXn3YCUQGNj0=
github.com/libp2p/go-msgio v0.3.0/go.mod h1:nyRM819GmVaF9LX3l03RMh10QdOroF++NBbxAb0mmDM=
github.com/libp2p/go-netroute v0.2.2 h1:Dejd8cQ47Qx2kRABg6lPwknU7+nBnFRpko45/fFPuZ8=
github.com/libp2p/go-netroute v0.2.2/go.mod h1:Rntq6jUAH0l9Gg17w5bFGhcC9a+vk4KNXs6s7IljKYE=
github.com/libp2p/go-reuseport v0.4.0 h1:nR5KU7hD0WxXCJbmw7r2rhRYruNRl2koHw8fQscQm2s=
github.com/libp2p/go-reuseport v0.4.0/go.mod h1:ZtI03j/wO5hZVDFo2jKywN6bYKWLOy8Se6DrI2E1cLU=
github.com/libp2p/go-yamux/v5 v5.0.1 h1:f0WoX/bEF2E8SbE4c/k1Mo+/9z0O4oC/hWEA+nfYRSg=
github.com/libp2p/go-yamux/v5 v5.0.1/go.mod h1:en+3cdX51U0ZslwRdRLrvQsdayFt3TSUKvBGErzpWbU=
github.com/lunixbochs/vtclean v1.0.0/go.mod h1:pHhQNgMf3btfWnGBVipUOjRYhoOsdGqdm/+2c2E2WMI=
github.com/mailru/easyjson v0.0.0-20190312143242-1de009706dbe/go.mod h1:C1wdFJiN94OJF2b5HbByQZoLdCWB1Yqtg26g4irojpc=
github.com/marten-seemann/tcp v0.0.0-20210406111302-dfbc87cc63fd h1:br0buuQ854V8u83wA0rVZ8ttrq5CpaPZdvrK0LP2lOk=
github.com/marten-seemann/tcp v0.0.0-20210406111302-dfbc87cc63fd/go.mod h1:QuCEs1Nt24+FYQEqAAncTDPJIuGs+LxK1MCiFL25pMU=
github.com/mattn/go-isatty v0.0.20 h1:xfD0iDuEKnDkl03q4limB+vH+GxLEtL/jb4xVJSWWEY=
github.com/mattn/go-isatty v0.0.20/go.mod h1:W+V8PltTTMOvKvAeJH7IuucS94S2C6jfK/D7dTCTo3Y=
github.com/matttproud/golang_protobuf_extensions v1.0.1/go.mod h1:D8He9yQNgCq6Z5Ld7szi9bcBfOoFv/3dc6xSMkL2PC0=
github.com/microcosm-cc/bluemonday v1.0.1/go.mod h1:hsXNsILzKxV+sX77C5b8FSuKF00vh2OMYv+xgHpAMF4=
github.com/miekg/dns v1.1.66 h1:FeZXOS3VCVsKnEAd+wBkjMC3D2K+ww66Cq3VnCINuJE=
github.com/miekg/dns v1.1.66/go.mod h1:jGFzBsSNbJw6z1HYut1RKBKHA9PBdxeHrZG8J+gC2WE=
github.com/mikioh/tcp v0.0.0-20190314235350-803a9b46060c h1:bzE/A84HN25pxAuk9Eej1Kz9OUelF97nAc82bDquQI8=
github.com/mikioh/tcp v0.0.0-20190314235350-803a9b46060c/go.mod h1:0SQS9kMwD2VsyFEB++InYyBJroV/FRmBgcydeSUcJms=
github.com/mikioh/tcpinfo v0.0.0-20190314235526-30a79bb1804b h1:z78hV3sbSMAUoyUMM0I83AUIT6Hu17AWfgjzIbtrYFc=
github.com/mikioh/tcpinfo v0.0.0-20190314235526-30a79bb1804b/go.mod h1:lxPUiZwKoFL8DUUmalo2yJJUCxbPKtm8OKfqr2/FTNU=
github.com/mikioh/tcpopt v0.0.0-20190314235656-172688c1accc h1:PTfri+PuQmWDqERdnNMiD9ZejrlswWrCpBEZgWOiTrc=
github.com/mikioh/tcpopt v0.0.0-20190314235656-172688c1accc/go.mod h1:cGKTAVKx4SxOuR/czcZ/E2RSJ3sfHs8FpHhQ5CWMf9s=
github.com/minio/blake2b-simd v0.0.0-20160723061019-3f5f724cb5b1/go.mod h1:pD8RvIylQ358TN4wwqatJ8rNavkEINozVn9DtGI3dfQ=
github.com/minio/sha256-simd v0.1.1-0.20190913151208-6de447530771/go.mod h1:B5e1o+1/KgNmWrSQK08Y6Z1Vb5pwIktudl0J58iy0KM=
github.com/minio/sha256-simd v1.0.1 h1:6kaan5IFmwTNynnKKpDHe6FWHohJOHhCPchzK49dzMM=
github.com/minio/sha256-simd v1.0.1/go.mod h1:Pz6AKMiUdngCLpeTL/RJY1M9rUuPMYujV5xJjtbRSN8=
github.com/modern-go/concurrent v0.0.0-20180306012644-bacd9c7ef1dd/go.mod h1:6dJC0mAP4ikYIbvyc7fijjWJddQyLn8Ig3JB5CqoB9Q=
github.com/modern-go/reflect2 v1.0.1/go.mod h1:bx2lNnkwVCuqBIxFjflWJWanXIb3RllmbCylyMrvgv0=
github.com/mr-tron/base58 v1.1.2/go.mod h1:BinMc/sQntlIE1frQmRFPUoPA1Zkr8VRgBdjWI2mNwc=
github.com/mr-tron/base58 v1.2.0 h1:T/HDJBh4ZCPbU39/+c3rRvE0uKBQlU27+QI8LJ4t64o=
github.com/mr-tron/base58 v1.2.0/go.mod h1:BinMc/sQntlIE1frQmRFPUoPA1Zkr8VRgBdjWI2mNwc=
github.com/multiformats/go-base32 v0.1.0 h1:pVx9xoSPqEIQG8o+UbAe7DNi51oej1NtK+aGkbLYxPE=
github.com/multiformats/go-base32 v0.1.0/go.mod h1:Kj3tFY6zNr+ABYMqeUNeGvkIC/UYgtWibDcT0rExnbI=
github.com/multiformats/go-base36 v0.2.0 h1:lFsAbNOGeKtuKozrtBsAkSVhv1p9D0/qedU9rQyccr0=
github.com/multiformats/go-base36 v0.2.0/go.mod h1:qvnKE++v+2MWCfePClUEjE78Z7P2a1UV0xHgWc0hkp4=
github.com/multiformats/go-multiaddr v0.1.1/go.mod h1:aMKBKNEYmzmDmxfX88/vz+J5IU55txyt0p4aiWVohjo=
github.com/multiformats/go-multiaddr v0.16.0 h1:oGWEVKioVQcdIOBlYM8BH1rZDWOGJSqr9/BKl6zQ4qc=
github.com/multiformats/go-multiaddr v0.16.0/go.mod h1:JSVUmXDjsVFiW7RjIFMP7+Ev+h1DTbiJgVeTV/tcmP0=
github.com/multiformats/go-multiaddr-dns v0.4.1 h1:whi/uCLbDS3mSEUMb1MsoT4uzUeZB0N32yzufqS0i5M=
github.com/multiformats/go-multiaddr-dns v0.4.1/go.mod h1:7hfthtB4E4pQwirrz+J0CcDUfbWzTqEzVyYKKIKpgkc=
github.com/multiformats/go-multiaddr-fmt v0.1.0 h1:WLEFClPycPkp4fnIzoFoV9FVd49/eQsuaL3/CWe167E=
github.com/multiformats/go-multiaddr-fmt v0.1.0/go.mod h1:hGtDIW4PU4BqJ50gW2quDuPVjyWNZxToGUh/HwTZYJo=
github.com/multiformats/go-multibase v0.2.0 h1:isdYCVLvksgWlMW9OZRYJEa9pZETFivncJHmHnnd87g=
github.com/multiformats/go-multibase v0.2.0/go.mod h1:bFBZX4lKCA/2lyOFSAoKH5SS6oPyjtnzK/XTFDPkNuk=
github.com/multiformats/go-multicodec v0.9.1 h1:x/Fuxr7ZuR4jJV4Os5g444F7xC4XmyUaT/FWtE+9Zjo=
github.com/multiformats/go-multicodec v0.9.1/go.mod h1:LLWNMtyV5ithSBUo3vFIMaeDy+h3EbkMTek1m+Fybbo=
github.com/multiformats/go-multihash v0.0.8/go.mod h1:YSLudS+Pi8NHE7o6tb3D8vrpKa63epEDmG8nTduyAew=
github.com/multiformats/go-multihash v0.2.3 h1:7Lyc8XfX/IY2jWb/gI7JP+o7JEq9hOa7BFvVU9RSh+U=
github.com/multiformats/go-multihash v0.2.3/go.mod h1:dXgKXCXjBzdscBLk9JkjINiEsCKRVch90MdaGiKsvSM=
github.com/multiformats/go-multistream v0.6.1 h1:4aoX5v6T+yWmc2raBHsTvzmFhOI8WVOer28DeBBEYdQ=
github.com/multiformats/go-multistream v0.6.1/go.mod h1:ksQf6kqHAb6zIsyw7Zm+gAuVo57Qbq84E27YlYqavqw=
github.com/multiformats/go-varint v0.0.7 h1:sWSGR+f/eu5ABZA2ZpYKBILXTTs9JWpdEM/nEGOHFS8=
github.com/multiformats/go-varint v0.0.7/go.mod h1:r8PUYw/fD/SjBCiKOoDlGF6QawOELpZAu9eioSos/OU=
github.com/munnerz/goautoneg v0.0.0-20191010083416-a7dc8b61c822 h1:C3w9PqII01/Oq1c1nUAm88MOHcQC9l5mIlSMApZMrHA=
github.com/munnerz/goautoneg v0.0.0-20191010083416-a7dc8b61c822/go.mod h1:+n7T8mK8HuQTcFwEeznm/DIxMOiR9yIdICNftLE1DvQ=
github.com/neelance/astrewrite v0.0.0-20160511093645-99348263ae86/go.mod h1:kHJEU3ofeGjhHklVoIGuVj85JJwZ6kWPaJwCIxgnFmo=
github.com/neelance/sourcemap v0.0.0-20151028013722-8c68805598ab/go.mod h1:Qr6/a/Q4r9LP1IltGz7tA7iOK1WonHEYhu1HRBA7ZiM=
github.com/openzipkin/zipkin-go v0.1.1/go.mod h1:NtoC/o8u3JlF1lSlyPNswIbeQH9bJTmOf0Erfk+hxe8=
github.com/pbnjay/memory v0.0.0-20210728143218-7b4eea64cf58 h1:onHthvaw9LFnH4t2DcNVpwGmV9E1BkGknEliJkfwQj0=
github.com/pbnjay/memory v0.0.0-20210728143218-7b4eea64cf58/go.mod h1:DXv8WO4yhMYhSNPKjeNKa5WY9YCIEBRbNzFFPJbWO6Y=
github.com/pdgendt/cobs v1.1.0 h1:gGeI8VUIMCz5jAWoEi24UZv+vsQwiOSjoJuRY4jKnxg=
github.com/pdgendt/cobs v1.1.0/go.mod h1:AdxrOLm724a1y0E1RQn6+PtMjLUXgBM4FQJ9lm+/h3E=
github.com/pion/datachannel v1.5.10 h1:ly0Q26K1i6ZkGf42W7D4hQYR90pZwzFOjTq5AuCKk4o=
github.com/pion/datachannel v1.5.10/go.mod h1:p/jJfC9arb29W7WrxyKbepTU20CFgyx5oLo8Rs4Py/M=
github.com/pion/dtls/v2 v2.2.7/go.mod h1:8WiMkebSHFD0T+dIU+UeBaoV7kDhOW5oDCzZ7WZ/F9s=
github.com/pion/dtls/v2 v2.2.12 h1:KP7H5/c1EiVAAKUmXyCzPiQe5+bCJrpOeKg/L05dunk=
github.com/pion/dtls/v2 v2.2.12/go.mod h1:d9SYc9fch0CqK90mRk1dC7AkzzpwJj6u2GU3u+9pqFE=
github.com/pion/dtls/v3 v3.0.6 h1:7Hkd8WhAJNbRgq9RgdNh1aaWlZlGpYTzdqjy9x9sK2E=
github.com/pion/dtls/v3 v3.0.6/go.mod h1:iJxNQ3Uhn1NZWOMWlLxEEHAN5yX7GyPvvKw04v9bzYU=
github.com/pion/ice/v4 v4.0.10 h1:P59w1iauC/wPk9PdY8Vjl4fOFL5B+USq1+xbDcN6gT4=
github.com/pion/ice/v4 v4.0.10/go.mod h1:y3M18aPhIxLlcO/4dn9X8LzLLSma84cx6emMSu14FGw=
github.com/pion/interceptor v0.1.40 h1:e0BjnPcGpr2CFQgKhrQisBU7V3GXK6wrfYrGYaU6Jq4=
github.com/pion/interceptor v0.1.40/go.mod h1:Z6kqH7M/FYirg3frjGJ21VLSRJGBXB/KqaTIrdqnOic=
github.com/pion/logging v0.2.2/go.mod h1:k0/tDVsRCX2Mb2ZEmTqNa7CWsQPc+YYCB7Q+5pahoms=
github.com/pion/logging v0.2.3 h1:gHuf0zpoh1GW67Nr6Gj4cv5Z9ZscU7g/EaoC/Ke/igI=
github.com/pion/logging v0.2.3/go.mod h1:z8YfknkquMe1csOrxK5kc+5/ZPAzMxbKLX5aXpbpC90=
github.com/pion/mdns/v2 v2.0.7 h1:c9kM8ewCgjslaAmicYMFQIde2H9/lrZpjBkN8VwoVtM=
github.com/pion/mdns/v2 v2.0.7/go.mod h1:vAdSYNAT0Jy3Ru0zl2YiW3Rm/fJCwIeM0nToenfOJKA=
github.com/pion/randutil v0.1.0 h1:CFG1UdESneORglEsnimhUjf33Rwjubwj6xfiOXBa3mA=
github.com/pion/randutil v0.1.0/go.mod h1:XcJrSMMbbMRhASFVOlj/5hQial/Y8oH/HVo7TBZq+j8=
github.com/pion/rtcp v1.2.15 h1:LZQi2JbdipLOj4eBjK4wlVoQWfrZbh3Q6eHtWtJBZBo=
github.com/pion/rtcp v1.2.15/go.mod h1:jlGuAjHMEXwMUHK78RgX0UmEJFV4zUKOFHR7OP+D3D0=
github.com/pion/rtp v1.8.19 h1:jhdO/3XhL/aKm/wARFVmvTfq0lC/CvN1xwYKmduly3c=
github.com/pion/rtp v1.8.19/go.mod h1:bAu2UFKScgzyFqvUKmbvzSdPr+NGbZtv6UB2hesqXBk=
github.com/pion/sctp v1.8.39 h1:PJma40vRHa3UTO3C4MyeJDQ+KIobVYRZQZ0Nt7SjQnE=
github.com/pion/sctp v1.8.39/go.mod h1:cNiLdchXra8fHQwmIoqw0MbLLMs+f7uQ+dGMG2gWebE=
github.com/pion/sdp/v3 v3.0.13 h1:uN3SS2b+QDZnWXgdr69SM8KB4EbcnPnPf2Laxhty/l4=
github.com/pion/sdp/v3 v3.0.13/go.mod h1:88GMahN5xnScv1hIMTqLdu/cOcUkj6a9ytbncwMCq2E=
github.com/pion/srtp/v3 v3.0.6 h1:E2gyj1f5X10sB/qILUGIkL4C2CqK269Xq167PbGCc/4=
github.com/pion/srtp/v3 v3.0.6/go.mod h1:BxvziG3v/armJHAaJ87euvkhHqWe9I7iiOy50K2QkhY=
github.com/pion/stun v0.6.1 h1:8lp6YejULeHBF8NmV8e2787BogQhduZugh5PdhDyyN4=
github.com/pion/stun v0.6.1/go.mod h1:/hO7APkX4hZKu/D0f2lHzNyvdkTGtIy3NDmLR7kSz/8=
github.com/pion/stun/v3 v3.0.0 h1:4h1gwhWLWuZWOJIJR9s2ferRO+W3zA/b6ijOI6mKzUw=
github.com/pion/stun/v3 v3.0.0/go.mod h1:HvCN8txt8mwi4FBvS3EmDghW6aQJ24T+y+1TKjB5jyU=
github.com/pion/transport/v2 v2.2.1/go.mod h1:cXXWavvCnFF6McHTft3DWS9iic2Mftcz1Aq29pGcU5g=
github.com/pion/transport/v2 v2.2.4/go.mod h1:q2U/tf9FEfnSBGSW6w5Qp5PFWRLRj3NjLhCCgpRK4p0=
github.com/pion/transport/v2 v2.2.10 h1:ucLBLE8nuxiHfvkFKnkDQRYWYfp8ejf4YBOPfaQpw6Q=
github.com/pion/transport/v2 v2.2.10/go.mod h1:sq1kSLWs+cHW9E+2fJP95QudkzbK7wscs8yYgQToO5E=
github.com/pion/transport/v3 v3.0.7 h1:iRbMH05BzSNwhILHoBoAPxoB9xQgOaJk+591KC9P1o0=
github.com/pion/transport/v3 v3.0.7/go.mod h1:YleKiTZ4vqNxVwh77Z0zytYi7rXHl7j6uPLGhhz9rwo=
github.com/pion/turn/v4 v4.0.2 h1:ZqgQ3+MjP32ug30xAbD6Mn+/K4Sxi3SdNOTFf+7mpps=
github.com/pion/turn/v4 v4.0.2/go.mod h1:pMMKP/ieNAG/fN5cZiN4SDuyKsXtNTr0ccN7IToA1zs=
github.com/pion/webrtc/v4 v4.1.2 h1:mpuUo/EJ1zMNKGE79fAdYNFZBX790KE7kQQpLMjjR54=
github.com/pion/webrtc/v4 v4.1.2/go.mod h1:xsCXiNAmMEjIdFxAYU0MbB3RwRieJsegSB2JZsGN+8U=
github.com/pkg/errors v0.8.1/go.mod h1:bwawxfHBFNV+L2hUp1rHADufV3IMtnDRdf1r5NINEl0=
github.com/pmezard/go-difflib v1.0.0 h1:4DBwDE0NGyQoBHbLQYPwSUPoCMWR5BEzIk/f1lZbAQM=
github.com/pmezard/go-difflib v1.0.0/go.mod h1:iKH77koFhYxTK1pcRnkKkqfTogsbg7gZNVY4sRDYZ/4=
github.com/prometheus/client_golang v0.8.0/go.mod h1:7SWBe2y4D6OKWSNQJUaRYU/AaXPKyh/dDVn+NZz0KFw=
github.com/prometheus/client_golang v1.22.0 h1:rb93p9lokFEsctTys46VnV1kLCDpVZ0a/Y92Vm0Zc6Q=
github.com/prometheus/client_golang v1.22.0/go.mod h1:R7ljNsLXhuQXYZYtw6GAE9AZg8Y7vEW5scdCXrWRXC0=
github.com/prometheus/client_model v0.0.0-20180712105110-5c3871d89910/go.mod h1:MbSGuTsp3dbXC40dX6PRTWyKYBIrTGTE9sqQNg2J8bo=
github.com/prometheus/client_model v0.6.2 h1:oBsgwpGs7iVziMvrGhE53c/GrLUsZdHnqNwqPLxwZyk=
github.com/prometheus/client_model v0.6.2/go.mod h1:y3m2F6Gdpfy6Ut/GBsUqTWZqCUvMVzSfMLjcu6wAwpE=
github.com/prometheus/common v0.0.0-20180801064454-c7de2306084e/go.mod h1:daVV7qP5qjZbuso7PdcryaAu0sAZbrN9i7WWcTMWvro=
github.com/prometheus/common v0.64.0 h1:pdZeA+g617P7oGv1CzdTzyeShxAGrTBsolKNOLQPGO4=
github.com/prometheus/common v0.64.0/go.mod h1:0gZns+BLRQ3V6NdaerOhMbwwRbNh9hkGINtQAsP5GS8=
github.com/prometheus/procfs v0.0.0-20180725123919-05ee40e3a273/go.mod h1:c3At6R/oaqEKCNdg8wHV1ftS6bRYblBhIjjI8uT2IGk=
github.com/prometheus/procfs v0.16.1 h1:hZ15bTNuirocR6u0JZ6BAHHmwS1p8B4P6MRqxtzMyRg=
github.com/prometheus/procfs v0.16.1/go.mod h1:teAbpZRB1iIAJYREa1LsoWUXykVXA1KlTmWl8x/U+Is=
github.com/quic-go/qpack v0.5.1 h1:giqksBPnT/HDtZ6VhtFKgoLOWmlyo9Ei6u9PqzIMbhI=
github.com/quic-go/qpack v0.5.1/go.mod h1:+PC4XFrEskIVkcLzpEkbLqq1uCoxPhQuvK5rH1ZgaEg=
github.com/quic-go/quic-go v0.54.0 h1:6s1YB9QotYI6Ospeiguknbp2Znb/jZYjZLRXn9kMQBg=
github.com/quic-go/quic-go v0.54.0/go.mod h1:e68ZEaCdyviluZmy44P6Iey98v/Wfz6HCjQEm+l8zTY=
github.com/quic-go/webtransport-go v0.9.0 h1:jgys+7/wm6JarGDrW+lD/r9BGqBAmqY/ssklE09bA70=
github.com/quic-go/webtransport-go v0.9.0/go.mod h1:4FUYIiUc75XSsF6HShcLeXXYZJ9AGwo/xh3L8M/P1ao=
github.com/rogpeppe/go-internal v1.10.0 h1:TMyTOH3F/DB16zRVcYyreMH6GnZZrwQVAoYjRBZyWFQ=
github.com/rogpeppe/go-internal v1.10.0/go.mod h1:UQnix2H7Ngw/k4C5ijL5+65zddjncjaFoBhdsK/akog=
github.com/russross/blackfriday v1.5.2/go.mod h1:JO/DiYxRf+HjHt06OyowR9PTA263kcR/rfWxYHBV53g=
github.com/sergi/go-diff v1.0.0/go.mod h1:0CfEIISq7TuYL3j771MWULgwwjU+GofnZX9QAmXWZgo=
github.com/shurcooL/component v0.0.0-20170202220835-f88ec8f54cc4/go.mod h1:XhFIlyj5a1fBNx5aJTbKoIq0mNaPvOagO+HjB3EtxrY=
github.com/shurcooL/events v0.0.0-20181021180414-410e4ca65f48/go.mod h1:5u70Mqkb5O5cxEA8nxTsgrgLehJeAw6Oc4Ab1c/P1HM=
github.com/shurcooL/github_flavored_markdown v0.0.0-20181002035957-2122de532470/go.mod h1:2dOwnU2uBioM+SGy2aZoq1f/Sd1l9OkAeAUvjSyvgU0=
github.com/shurcooL/go v0.0.0-20180423040247-9e1955d9fb6e/go.mod h1:TDJrrUr11Vxrven61rcy3hJMUqaf/CLWYhHNPmT14Lk=
github.com/shurcooL/go-goon v0.0.0-20170922171312-37c2f522c041/go.mod h1:N5mDOmsrJOB+vfqUK+7DmDyjhSLIIBnXo9lvZJj3MWQ=
github.com/shurcooL/gofontwoff v0.0.0-20180329035133-29b52fc0a18d/go.mod h1:05UtEgK5zq39gLST6uB0cf3NEHjETfB4Fgr3Gx5R9Vw=
github.com/shurcooL/gopherjslib v0.0.0-20160914041154-feb6d3990c2c/go.mod h1:8d3azKNyqcHP1GaQE/c6dDgjkgSx2BZ4IoEi4F1reUI=
github.com/shurcooL/highlight_diff v0.0.0-20170515013008-09bb4053de1b/go.mod h1:ZpfEhSmds4ytuByIcDnOLkTHGUI6KNqRNPDLHDk+mUU=
github.com/shurcooL/highlight_go v0.0.0-20181028180052-98c3abbbae20/go.mod h1:UDKB5a1T23gOMUJrI+uSuH0VRDStOiUVSjBTRDVBVag=
github.com/shurcooL/home v0.0.0-20181020052607-80b7ffcb30f9/go.mod h1:+rgNQw2P9ARFAs37qieuu7ohDNQ3gds9msbT2yn85sg=
github.com/shurcooL/htmlg v0.0.0-20170918183704-d01228ac9e50/go.mod h1:zPn1wHpTIePGnXSHpsVPWEktKXHr6+SS6x/IKRb7cpw=
github.com/shurcooL/httperror v0.0.0-20170206035902-86b7830d14cc/go.mod h1:aYMfkZ6DWSJPJ6c4Wwz3QtW22G7mf/PEgaB9k/ik5+Y=
github.com/shurcooL/httpfs v0.0.0-20171119174359-809beceb2371/go.mod h1:ZY1cvUeJuFPAdZ/B6v7RHavJWZn2YPVFQ1OSXhCGOkg=
github.com/shurcooL/httpgzip v0.0.0-20180522190206-b1c53ac65af9/go.mod h1:919LwcH0M7/W4fcZ0/jy0qGght1GIhqyS/EgWGH2j5Q=
github.com/shurcooL/issues v0.0.0-20181008053335-6292fdc1e191/go.mod h1:e2qWDig5bLteJ4fwvDAc2NHzqFEthkqn7aOZAOpj+PQ=
github.com/shurcooL/issuesapp v0.0.0-20180602232740-048589ce2241/go.mod h1:NPpHK2TI7iSaM0buivtFUc9offApnI0Alt/K8hcHy0I=
github.com/shurcooL/notifications v0.0.0-20181007000457-627ab5aea122/go.mod h1:b5uSkrEVM1jQUspwbixRBhaIjIzL2xazXp6kntxYle0=
github.com/shurcooL/octicon v0.0.0-20181028054416-fa4f57f9efb2/go.mod h1:eWdoE5JD4R5UVWDucdOPg1g2fqQRq78IQa9zlOV1vpQ=
github.com/shurcooL/reactions v0.0.0-20181006231557-f2e0b4ca5b82/go.mod h1:TCR1lToEk4d2s07G3XGfz2QrgHXg4RJBvjrOozvoWfk=
github.com/shurcooL/sanitized_anchor_name v0.0.0-20170918181015-86672fcb3f95/go.mod h1:1NzhyTcUVG4SuEtjjoZeVRXNmyL/1OwPU0+IJeTBvfc=
github.com/shurcooL/users v0.0.0-20180125191416-49c67e49c537/go.mod h1:QJTqeLYEDaXHZDBsXlPCDqdhQuJkuw4NOtaxYe3xii4=
github.com/shurcooL/webdavfs v0.0.0-20170829043945-18c3829fa133/go.mod h1:hKmq5kWdCj2z2KEozexVbfEZIWiTjhE0+UjmZgPqehw=
github.com/sourcegraph/annotate v0.0.0-20160123013949-f4cad6c6324d/go.mod h1:UdhH50NIW0fCiwBSr0co2m7BnFLdv4fQTgdqdJTHFeE=
github.com/sourcegraph/syntaxhighlight v0.0.0-20170531221838-bd320f5d308e/go.mod h1:HuIsMU8RRBOtsCgI77wP899iHVBQpCmg4ErYMZB+2IA=
github.com/spaolacci/murmur3 v1.1.0 h1:7c1g84S4BPRrfL5Xrdp6fOJ206sU9y293DDHaoy0bLI=
github.com/spaolacci/murmur3 v1.1.0/go.mod h1:JwIasOWyU6f++ZhiEuf87xNszmSA2myDM2Kzu9HwQUA=
github.com/stretchr/objx v0.1.0/go.mod h1:HFkY916IF+rwdDfMAkV7OtwuqBVzrE8GR6GFx+wExME=
github.com/stretchr/objx v0.4.0/go.mod h1:YvHI0jy2hoMjB+UWwv71VJQ9isScKT/TqJzVSSt89Yw=
github.com/stretchr/objx v0.5.0/go.mod h1:Yh+to48EsGEfYuaHDzXPcE3xhTkx73EhmCGUpEOglKo=
github.com/stretchr/testify v1.2.2/go.mod h1:a8OnRcib4nhh0OaRAV+Yts87kKdq0PP7pXfy6kDkUVs=
github.com/stretchr/testify v1.7.1/go.mod h1:6Fq8oRcR53rry900zMqJjRRixrwX3KX962/h/Wwjteg=
github.com/stretchr/testify v1.8.0/go.mod h1:yNjHg4UonilssWZ8iaSj1OCr/vHnekPRkoO+kdMU+MU=
github.com/stretchr/testify v1.8.3/go.mod h1:sz/lmYIOXD/1dqDmKjjqLyZ2RngseejIcXlSw2iwfAo=
github.com/stretchr/testify v1.8.4/go.mod h1:sz/lmYIOXD/1dqDmKjjqLyZ2RngseejIcXlSw2iwfAo=
github.com/stretchr/testify v1.10.0 h1:Xv5erBjTwe/5IxqUQTdXv5kgmIvbHo3QQyRwhJsOfJA=
github.com/stretchr/testify v1.10.0/go.mod h1:r2ic/lqez/lEtzL7wO/rwa5dbSLXVDPFyf8C91i36aY=
github.com/tarm/serial v0.0.0-20180830185346-98f6abe2eb07/go.mod h1:kDXzergiv9cbyO7IOYJZWg1U88JhDg3PB6klq9Hg2pA=
github.com/viant/assertly v0.4.8/go.mod h1:aGifi++jvCrUaklKEKT0BU95igDNaqkvz+49uaYMPRU=
github.com/viant/toolbox v0.24.0/go.mod h1:OxMCG57V0PXuIP2HNQrtJf2CjqdmbrOx5EkMILuUhzM=
github.com/wlynxg/anet v0.0.3/go.mod h1:eay5PRQr7fIVAMbTbchTnO9gG65Hg/uYGdc7mguHxoA=
github.com/wlynxg/anet v0.0.5 h1:J3VJGi1gvo0JwZ/P1/Yc/8p63SoW98B5dHkYDmpgvvU=
github.com/wlynxg/anet v0.0.5/go.mod h1:eay5PRQr7fIVAMbTbchTnO9gG65Hg/uYGdc7mguHxoA=
github.com/yuin/goldmark v1.4.13/go.mod h1:6yULJ656Px+3vBD8DxQVa3kxgyrAnzto9xy5taEt/CY=
go.opencensus.io v0.18.0/go.mod h1:vKdFvxhtzZ9onBp9VKHK8z/sRpBMnKAsufL7wlDrCOA=
go.uber.org/dig v1.19.0 h1:BACLhebsYdpQ7IROQ1AGPjrXcP5dF80U3gKoFzbaq/4=
go.uber.org/dig v1.19.0/go.mod h1:Us0rSJiThwCv2GteUN0Q7OKvU7n5J4dxZ9JKUXozFdE=
go.uber.org/fx v1.24.0 h1:wE8mruvpg2kiiL1Vqd0CC+tr0/24XIB10Iwp2lLWzkg=
go.uber.org/fx v1.24.0/go.mod h1:AmDeGyS+ZARGKM4tlH4FY2Jr63VjbEDJHtqXTGP5hbo=
go.uber.org/goleak v1.3.0 h1:2K3zAYmnTNqV73imy9J1T3WC+gmCePx2hEGkimedGto=
go.uber.org/goleak v1.3.0/go.mod h1:CoHD4mav9JJNrW/WLlf7HGZPjdw8EucARQHekz1X6bE=
go.uber.org/mock v0.5.2 h1:LbtPTcP8A5k9WPXj54PPPbjcI4Y6lhyOZXn+VS7wNko=
go.uber.org/mock v0.5.2/go.mod h1:wLlUxC2vVTPTaE3UD51E0BGOAElKrILxhVSDYQLld5o=
go.uber.org/multierr v1.11.0 h1:blXXJkSxSSfBVBlC76pxqeO+LN3aDfLQo+309xJstO0=
go.uber.org/multierr v1.11.0/go.mod h1:20+QtiLqy0Nd6FdQB9TLXag12DsQkrbs3htMFfDN80Y=
go.uber.org/zap v1.27.0 h1:aJMhYGrd5QSmlpLMr2MftRKl7t8J8PTZPA732ud/XR8=
go.uber.org/zap v1.27.0/go.mod h1:GB2qFLM7cTU87MWRP2mPIjqfIDnGu+VIO4V/SdhGo2E=
go4.org v0.0.0-20180809161055-417644f6feb5/go.mod h1:MkTOUMDaeVYJUOUsaDXIhWPZYa1yOyC1qaOBpL57BhE=
golang.org/x/build v0.0.0-20190111050920-041ab4dc3f9d/go.mod h1:OWs+y06UdEOHN4y+MfF/py+xQ/tYqIWW03b70/CG9Rw=
golang.org/x/crypto v0.0.0-20181030102418-4d3f4d9ffa16/go.mod h1:6SG95UA2DQfeDnfUPMdvaQW0Q7yPrPDi9nlGo2tz2b4=
golang.org/x/crypto v0.0.0-20190308221718-c2843e01d9a2/go.mod h1:djNgcEr1/C05ACkg1iLfiJU5Ep61QUkGW8qpdssI0+w=
golang.org/x/crypto v0.0.0-20190313024323-a1f597ede03a/go.mod h1:djNgcEr1/C05ACkg1iLfiJU5Ep61QUkGW8qpdssI0+w=
golang.org/x/crypto v0.0.0-20190611184440-5c40567a22f8/go.mod h1:yigFU9vqHzYiE8UmvKecakEJjdnWj3jj499lnFckfCI=
golang.org/x/crypto v0.0.0-20191011191535-87dc89f01550/go.mod h1:yigFU9vqHzYiE8UmvKecakEJjdnWj3jj499lnFckfCI=
golang.org/x/crypto v0.0.0-20200602180216-279210d13fed/go.mod h1:LzIPMQfyMNhhGPhUkYOs5KpL4U8rLKemX1yGLhDgUto=
golang.org/x/crypto v0.0.0-20210322153248-0c34fe9e7dc2/go.mod h1:T9bdIzuCu7OtxOm1hfPfRQxPLYneinmdGuTeoZ9dtd4=
golang.org/x/crypto v0.0.0-20210921155107-089bfa567519/go.mod h1:GvvjBRRGRdwPK5ydBHafDWAxML/pGHZbMvKqRZ5+Abc=
golang.org/x/crypto v0.8.0/go.mod h1:mRqEX+O9/h5TFCrQhkgjo2yKi0yYA+9ecGkdQoHrywE=
golang.org/x/crypto v0.12.0/go.mod h1:NF0Gs7EO5K4qLn+Ylc+fih8BSTeIjAP05siRnAh98yw=
golang.org/x/crypto v0.18.0/go.mod h1:R0j02AL6hcrfOiy9T4ZYp/rcWeMxM3L6QYxlOuEG1mg=
golang.org/x/crypto v0.39.0 h1:SHs+kF4LP+f+p14esP5jAoDpHU8Gu/v9lFRK6IT5imM=
golang.org/x/crypto v0.39.0/go.mod h1:L+Xg3Wf6HoL4Bn4238Z6ft6KfEpN0tJGo53AAPC632U=
golang.org/x/exp v0.0.0-20190121172915-509febef88a4/go.mod h1:CJ0aWSM057203Lf6IL+f9T1iT9GByDxfZKAQTCR3kQA=
golang.org/x/exp v0.0.0-20250606033433-dcc06ee1d476 h1:bsqhLWFR6G6xiQcb+JoGqdKdRU6WzPWmK8E0jxTjzo4=
golang.org/x/exp v0.0.0-20250606033433-dcc06ee1d476/go.mod h1:3//PLf8L/X+8b4vuAfHzxeRUl04Adcb341+IGKfnqS8=
golang.org/x/lint v0.0.0-20180702182130-06c8688daad7/go.mod h1:UVdnD1Gm6xHRNCYTkRU2/jEulfH38KcIWyp/GAMgvoE=
golang.org/x/lint v0.0.0-20181026193005-c67002cb31c3/go.mod h1:UVdnD1Gm6xHRNCYTkRU2/jEulfH38KcIWyp/GAMgvoE=
golang.org/x/lint v0.0.0-20190227174305-5b3e6a55c961/go.mod h1:wehouNa3lNwaWXcvxsM5YxQ5yQlVC4a0KAMCusXpPoU=
golang.org/x/lint v0.0.0-20200302205851-738671d3881b/go.mod h1:3xt1FjdF8hUf6vQPIChWIBhFzV8gjjsPE/fR3IyQdNY=
golang.org/x/mod v0.1.1-0.20191105210325-c90efee705ee/go.mod h1:QqPTAvyqsEbceGzBzNggFXnrqF1CaUcvgkdR5Ot7KZg=
golang.org/x/mod v0.6.0-dev.0.20220419223038-86c51ed26bb4/go.mod h1:jJ57K6gSWd91VN4djpZkiMVwK6gcyfeH4XE8wZrZaV4=
golang.org/x/mod v0.8.0/go.mod h1:iBbtSCu2XBx23ZKBPSOrRkjjQPZFPuis4dIYUhu/chs=
golang.org/x/mod v0.25.0 h1:n7a+ZbQKQA/Ysbyb0/6IbB1H/X41mKgbhfv7AfG/44w=
golang.org/x/mod v0.25.0/go.mod h1:IXM97Txy2VM4PJ3gI61r1YEk/gAj6zAHN3AdZt6S9Ww=
golang.org/x/net v0.0.0-20180724234803-3673e40ba225/go.mod h1:mL1N/T3taQHkDXs73rZJwtUhF3w3ftmwwsq0BUmARs4=
golang.org/x/net v0.0.0-20180826012351-8a410e7b638d/go.mod h1:mL1N/T3taQHkDXs73rZJwtUhF3w3ftmwwsq0BUmARs4=
golang.org/x/net v0.0.0-20180906233101-161cd47e91fd/go.mod h1:mL1N/T3taQHkDXs73rZJwtUhF3w3ftmwwsq0BUmARs4=
golang.org/x/net v0.0.0-20181029044818-c44066c5c816/go.mod h1:mL1N/T3taQHkDXs73rZJwtUhF3w3ftmwwsq0BUmARs4=
golang.org/x/net v0.0.0-20181106065722-10aee1819953/go.mod h1:mL1N/T3taQHkDXs73rZJwtUhF3w3ftmwwsq0BUmARs4=
golang.org/x/net v0.0.0-20190108225652-1e06a53dbb7e/go.mod h1:mL1N/T3taQHkDXs73rZJwtUhF3w3ftmwwsq0BUmARs4=
golang.org/x/net v0.0.0-20190213061140-3a22650c66bd/go.mod h1:mL1N/T3taQHkDXs73rZJwtUhF3w3ftmwwsq0BUmARs4=
golang.org/x/net v0.0.0-20190313220215-9f648a60d977/go.mod h1:t9HGtf8HONx5eT2rtn7q6eTqICYqUVnKs3thJo3Qplg=
golang.org/x/net v0.0.0-20190404232315-eb5bcb51f2a3/go.mod h1:t9HGtf8HONx5eT2rtn7q6eTqICYqUVnKs3thJo3Qplg=
golang.org/x/net v0.0.0-20190620200207-3b0461eec859/go.mod h1:z5CRVTTTmAJ677TzLLGU+0bjPO0LkuOLi4/5GtJWs/s=
golang.org/x/net v0.0.0-20210119194325-5f4716e94777/go.mod h1:m0MpNAwzfU5UDzcl9v0D8zg8gWTRqZa9RBIspLL5mdg=
golang.org/x/net v0.0.0-20210226172049-e18ecbb05110/go.mod h1:m0MpNAwzfU5UDzcl9v0D8zg8gWTRqZa9RBIspLL5mdg=
golang.org/x/net v0.0.0-20220722155237-a158d28d115b/go.mod h1:XRhObCWvk6IyKnWLug+ECip1KBveYUHfp+8e9klMJ9c=
golang.org/x/net v0.6.0/go.mod h1:2Tu9+aMcznHK/AK1HMvgo6xiTLG5rD5rZLDS+rp2Bjs=
golang.org/x/net v0.9.0/go.mod h1:d48xBJpPfHeWQsugry2m+kC02ZBRGRgulfHnEXEuWns=
golang.org/x/net v0.10.0/go.mod h1:0qNGK6F8kojg2nk9dLZ2mShWaEBan6FAoqfSigmmuDg=
golang.org/x/net v0.14.0/go.mod h1:PpSgVXXLK0OxS0F31C1/tv6XNguvCrnXIDrFMspZIUI=
golang.org/x/net v0.20.0/go.mod h1:z8BVo6PvndSri0LbOE3hAn0apkU+1YvI6E70E9jsnvY=
golang.org/x/net v0.41.0 h1:vBTly1HeNPEn3wtREYfy4GZ/NECgw2Cnl+nK6Nz3uvw=
golang.org/x/net v0.41.0/go.mod h1:B/K4NNqkfmg07DQYrbwvSluqCJOOXwUjeb/5lOisjbA=
golang.org/x/oauth2 v0.0.0-20180821212333-d2e6202438be/go.mod h1:N/0e6XlmueqKjAGxoOufVs8QHGRruUQn6yWY3a++T0U=
golang.org/x/oauth2 v0.0.0-20181017192945-9dcd33a902f4/go.mod h1:N/0e6XlmueqKjAGxoOufVs8QHGRruUQn6yWY3a++T0U=
golang.org/x/oauth2 v0.0.0-20181203162652-d668ce993890/go.mod h1:N/0e6XlmueqKjAGxoOufVs8QHGRruUQn6yWY3a++T0U=
golang.org/x/oauth2 v0.0.0-20190226205417-e64efc72b421/go.mod h1:gOpvHmFTYa4IltrdGE7lF6nIHvwfUNPOp7c8zoXwtLw=
golang.org/x/perf v0.0.0-20180704124530-6e6d33e29852/go.mod h1:JLpeXjPJfIyPr5TlbXLkXWLhP8nz10XfvxElABhCtcw=
golang.org/x/sync v0.0.0-20180314180146-1d60e4601c6f/go.mod h1:RxMgew5VJxzue5/jJTE5uejpjVlOe/izrB70Jof72aM=
golang.org/x/sync v0.0.0-20181108010431-42b317875d0f/go.mod h1:RxMgew5VJxzue5/jJTE5uejpjVlOe/izrB70Jof72aM=
golang.org/x/sync v0.0.0-20181221193216-37e7f081c4d4/go.mod h1:RxMgew5VJxzue5/jJTE5uejpjVlOe/izrB70Jof72aM=
golang.org/x/sync v0.0.0-20190227155943-e225da77a7e6/go.mod h1:RxMgew5VJxzue5/jJTE5uejpjVlOe/izrB70Jof72aM=
golang.org/x/sync v0.0.0-20190423024810-112230192c58/go.mod h1:RxMgew5VJxzue5/jJTE5uejpjVlOe/izrB70Jof72aM=
golang.org/x/sync v0.0.0-20210220032951-036812b2e83c/go.mod h1:RxMgew5VJxzue5/jJTE5uejpjVlOe/izrB70Jof72aM=
golang.org/x/sync v0.0.0-20220722155255-886fb9371eb4/go.mod h1:RxMgew5VJxzue5/jJTE5uejpjVlOe/izrB70Jof72aM=
golang.org/x/sync v0.1.0/go.mod h1:RxMgew5VJxzue5/jJTE5uejpjVlOe/izrB70Jof72aM=
golang.org/x/sync v0.16.0 h1:ycBJEhp9p4vXvUZNszeOq0kGTPghopOL8q0fq3vstxw=
golang.org/x/sync v0.16.0/go.mod h1:1dzgHSNfp02xaA81J2MS99Qcpr2w7fw1gpm99rleRqA=
golang.org/x/sys v0.0.0-20180830151530-49385e6e1522/go.mod h1:STP8DvDyc/dI5b8T5hshtkjS+E42TnysNCUPdjciGhY=
golang.org/x/sys v0.0.0-20180909124046-d0be0721c37e/go.mod h1:STP8DvDyc/dI5b8T5hshtkjS+E42TnysNCUPdjciGhY=
golang.org/x/sys v0.0.0-20181029174526-d69651ed3497/go.mod h1:STP8DvDyc/dI5b8T5hshtkjS+E42TnysNCUPdjciGhY=
golang.org/x/sys v0.0.0-20190215142949-d0b11bdaac8a/go.mod h1:STP8DvDyc/dI5b8T5hshtkjS+E42TnysNCUPdjciGhY=
golang.org/x/sys v0.0.0-20190316082340-a2f829d7f35f/go.mod h1:h1NjWce9XRLGQEsW7wpKNCjG9DtNlClVuFLEZdDNbEs=
golang.org/x/sys v0.0.0-20190412213103-97732733099d/go.mod h1:h1NjWce9XRLGQEsW7wpKNCjG9DtNlClVuFLEZdDNbEs=
golang.org/x/sys v0.0.0-20200602225109-6fdc65e7d980/go.mod h1:h1NjWce9XRLGQEsW7wpKNCjG9DtNlClVuFLEZdDNbEs=
golang.org/x/sys v0.0.0-20201119102817-f84b799fce68/go.mod h1:h1NjWce9XRLGQEsW7wpKNCjG9DtNlClVuFLEZdDNbEs=
golang.org/x/sys v0.0.0-20210615035016-665e8c7367d1/go.mod h1:oPkhp1MJrh7nUepCBck5+mAzfO9JrbApNNgaTdGDITg=
golang.org/x/sys v0.0.0-20220520151302-bc2c85ada10a/go.mod h1:oPkhp1MJrh7nUepCBck5+mAzfO9JrbApNNgaTdGDITg=
golang.org/x/sys v0.0.0-20220722155257-8c9f86f7a55f/go.mod h1:oPkhp1MJrh7nUepCBck5+mAzfO9JrbApNNgaTdGDITg=
golang.org/x/sys v0.5.0/go.mod h1:oPkhp1MJrh7nUepCBck5+mAzfO9JrbApNNgaTdGDITg=
golang.org/x/sys v0.6.0/go.mod h1:oPkhp1MJrh7nUepCBck5+mAzfO9JrbApNNgaTdGDITg=
golang.org/x/sys v0.7.0/go.mod h1:oPkhp1MJrh7nUepCBck5+mAzfO9JrbApNNgaTdGDITg=
golang.org/x/sys v0.8.0/go.mod h1:oPkhp1MJrh7nUepCBck5+mAzfO9JrbApNNgaTdGDITg=
golang.org/x/sys v0.11.0/go.mod h1:oPkhp1MJrh7nUepCBck5+mAzfO9JrbApNNgaTdGDITg=
golang.org/x/sys v0.16.0/go.mod h1:/VUhepiaJMQUp4+oa/7Zr1D23ma6VTLIYjOOTFZPUcA=
golang.org/x/sys v0.35.0 h1:vz1N37gP5bs89s7He8XuIYXpyY0+QlsKmzipCbUtyxI=
golang.org/x/sys v0.35.0/go.mod h1:BJP2sWEmIv4KK5OTEluFJCKSidICx8ciO85XgH3Ak8k=
golang.org/x/term v0.0.0-20201126162022-7de9c90e9dd1/go.mod h1:bj7SfCRtBDWHUb9snDiAeCFNEtKQo2Wmx5Cou7ajbmo=
golang.org/x/term v0.0.0-20210927222741-03fcf44c2211/go.mod h1:jbD1KX2456YbFQfuXm/mYQcufACuNUgVhRMnK/tPxf8=
golang.org/x/term v0.5.0/go.mod h1:jMB1sMXY+tzblOD4FWmEbocvup2/aLOaQEp7JmGp78k=
golang.org/x/term v0.7.0/go.mod h1:P32HKFT3hSsZrRxla30E9HqToFYAQPCMs/zFMBUFqPY=
golang.org/x/term v0.8.0/go.mod h1:xPskH00ivmX89bAKVGSKKtLOWNx2+17Eiy94tnKShWo=
golang.org/x/term v0.11.0/go.mod h1:zC9APTIj3jG3FdV/Ons+XE1riIZXG4aZ4GTHiPZJPIU=
golang.org/x/term v0.16.0/go.mod h1:yn7UURbUtPyrVJPGPq404EukNFxcm/foM+bV/bfcDsY=
golang.org/x/text v0.3.0/go.mod h1:NqM8EUOU14njkJ3fqMW+pc6Ldnwhi/IjpwHt7yyuwOQ=
golang.org/x/text v0.3.1-0.20180807135948-17ff2d5776d2/go.mod h1:NqM8EUOU14njkJ3fqMW+pc6Ldnwhi/IjpwHt7yyuwOQ=
golang.org/x/text v0.3.3/go.mod h1:5Zoc/QRtKVWzQhOtBMvqHzDpF6irO9z98xDceosuGiQ=
golang.org/x/text v0.3.7/go.mod h1:u+2+/6zg+i71rQMx5EYifcz6MCKuco9NR6JIITiCfzQ=
golang.org/x/text v0.7.0/go.mod h1:mrYo+phRRbMaCq/xk9113O4dZlRixOauAjOtrjsXDZ8=
golang.org/x/text v0.9.0/go.mod h1:e1OnstbJyHTd6l/uOt8jFFHp6TRDWZR/bV3emEE/zU8=
golang.org/x/text v0.12.0/go.mod h1:TvPlkZtksWOMsz7fbANvkp4WM8x/WCo/om8BMLbz+aE=
golang.org/x/text v0.14.0/go.mod h1:18ZOQIKpY8NJVqYksKHtTdi31H5itFRjB5/qKTNYzSU=
golang.org/x/text v0.26.0 h1:P42AVeLghgTYr4+xUnTRKDMqpar+PtX7KWuNQL21L8M=
golang.org/x/text v0.26.0/go.mod h1:QK15LZJUUQVJxhz7wXgxSy/CJaTFjd0G+YLonydOVQA=
golang.org/x/time v0.0.0-20180412165947-fbb02b2291d2/go.mod h1:tRJNPiyCQ0inRvYxbN9jk5I+vvW/OXSQhTDSoE431IQ=
golang.org/x/time v0.0.0-20181108054448-85acf8d2951c/go.mod h1:tRJNPiyCQ0inRvYxbN9jk5I+vvW/OXSQhTDSoE431IQ=
golang.org/x/time v0.12.0 h1:ScB/8o8olJvc+CQPWrK3fPZNfh7qgwCrY0zJmoEQLSE=
golang.org/x/time v0.12.0/go.mod h1:CDIdPxbZBQxdj6cxyCIdrNogrJKMJ7pr37NYpMcMDSg=
golang.org/x/tools v0.0.0-20180828015842-6cd1fcedba52/go.mod h1:n7NCudcB/nEzxVGmLbDWY5pfWTLqBcC2KZ6jyYvM4mQ=
golang.org/x/tools v0.0.0-20180917221912-90fa682c2a6e/go.mod h1:n7NCudcB/nEzxVGmLbDWY5pfWTLqBcC2KZ6jyYvM4mQ=
golang.org/x/tools v0.0.0-20181030000716-a0a13e073c7b/go.mod h1:n7NCudcB/nEzxVGmLbDWY5pfWTLqBcC2KZ6jyYvM4mQ=
golang.org/x/tools v0.0.0-20190114222345-bf090417da8b/go.mod h1:n7NCudcB/nEzxVGmLbDWY5pfWTLqBcC2KZ6jyYvM4mQ=
golang.org/x/tools v0.0.0-20190226205152-f727befe758c/go.mod h1:9Yl7xja0Znq3iFh3HoIrodX9oNMXvdceNzlUR8zjMvY=
golang.org/x/tools v0.0.0-20191119224855-298f0cb1881e/go.mod h1:b+2E5dAYhXwXZwtnZ6UAqBI28+e2cm9otk0dWdXHAEo=
golang.org/x/tools v0.0.0-20200130002326-2f3ba24bd6e7/go.mod h1:TB2adYChydJhpapKDTa4BR/hXlZSLoq2Wpct/0txZ28=
golang.org/x/tools v0.1.12/go.mod h1:hNGJHUnrk76NpqgfD5Aqm5Crs+Hm0VOH/i9J2+nxYbc=
golang.org/x/tools v0.6.0/go.mod h1:Xwgl3UAJ/d3gWutnCtw505GrjyAbvKui8lOU390QaIU=
golang.org/x/tools v0.34.0 h1:qIpSLOxeCYGg9TrcJokLBG4KFA6d795g0xkBkiESGlo=
golang.org/x/tools v0.34.0/go.mod h1:pAP9OwEaY1CAW3HOmg3hLZC5Z0CCmzjAF2UQMSqNARg=
golang.org/x/xerrors v0.0.0-20190717185122-a985d3407aa7/go.mod h1:I/5z698sn9Ka8TeJc9MKroUUfqBBauWjQqLJ2OPfmY0=
golang.org/x/xerrors v0.0.0-20191011141410-1b5146add898/go.mod h1:I/5z698sn9Ka8TeJc9MKroUUfqBBauWjQqLJ2OPfmY0=
google.golang.org/api v0.0.0-20180910000450-7ca32eb868bf/go.mod h1:4mhQ8q/RsB7i+udVvVy5NUi08OU8ZlA0gRVgrF7VFY0=
google.golang.org/api v0.0.0-20181030000543-1d582fd0359e/go.mod h1:4mhQ8q/RsB7i+udVvVy5NUi08OU8ZlA0gRVgrF7VFY0=
google.golang.org/api v0.1.0/go.mod h1:UGEZY7KEX120AnNLIHFMKIo4obdJhkp2tPbaPlQx13Y=
google.golang.org/appengine v1.1.0/go.mod h1:EbEs0AVv82hx2wNQdGPgUI5lhzA/G0D9YwlJXL52JkM=
google.golang.org/appengine v1.2.0/go.mod h1:xpcJRLb0r/rnEns0DIKYYv+WjYCduHsrkT7/EB5XEv4=
google.golang.org/appengine v1.3.0/go.mod h1:xpcJRLb0r/rnEns0DIKYYv+WjYCduHsrkT7/EB5XEv4=
google.golang.org/appengine v1.4.0/go.mod h1:xpcJRLb0r/rnEns0DIKYYv+WjYCduHsrkT7/EB5XEv4=
google.golang.org/genproto v0.0.0-20180817151627-c66870c02cf8/go.mod h1:JiN7NxoALGmiZfu7CAH4rXhgtRTLTxftemlI0sWmxmc=
google.golang.org/genproto v0.0.0-20180831171423-11092d34479b/go.mod h1:JiN7NxoALGmiZfu7CAH4rXhgtRTLTxftemlI0sWmxmc=
google.golang.org/genproto v0.0.0-20181029155118-b69ba1387ce2/go.mod h1:JiN7NxoALGmiZfu7CAH4rXhgtRTLTxftemlI0sWmxmc=
google.golang.org/genproto v0.0.0-20181202183823-bd91e49a0898/go.mod h1:7Ep/1NZk928CDR8SjdVbjWNpdIf6nzjE3BTgJDr2Atg=
google.golang.org/genproto v0.0.0-20190306203927-b5d61aea6440/go.mod h1:VzzqZJRnGkLBvHegQrXjBqPurQTc5/KpmUdxsrq26oE=
google.golang.org/grpc v1.14.0/go.mod h1:yo6s7OP7yaDglbqo1J04qKzAhqBH6lvTonzMVmEdcZw=
google.golang.org/grpc v1.16.0/go.mod h1:0JHn/cJsOMiMfNA9+DeHDlAU7KAAB5GDlYFpa9MZMio=
google.golang.org/grpc v1.17.0/go.mod h1:6QZJwpn2B+Zp71q/5VxRsJ6NXXVCE5NRUHRo+f3cWCs=
google.golang.org/grpc v1.19.0/go.mod h1:mqu4LbDTu4XGKhr4mRzUsmM4RtVoemTSY81AxZiDr8c=
google.golang.org/protobuf v1.36.6 h1:z1NpPI8ku2WgiWnf+t9wTPsn6eP1L7ksHUlkfLvd9xY=
google.golang.org/protobuf v1.36.6/go.mod h1:jduwjTPXsFjZGTmRluh+L6NjiWu7pchiJ2/5YcXBHnY=
gopkg.in/check.v1 v0.0.0-20161208181325-20d25e280405/go.mod h1:Co6ibVJAznAaIkqp8huTwlJQCZ016jof/cbN4VW5Yz0=
gopkg.in/check.v1 v1.0.0-20201130134442-10cb98267c6c h1:Hei/4ADfdWqJk1ZMxUNpqntNwaWcugrBjAiHlqqRiVk=
gopkg.in/check.v1 v1.0.0-20201130134442-10cb98267c6c/go.mod h1:JHkPIbrfpd72SG/EVd6muEfDQjcINNoR0C8j2r3qZ4Q=
gopkg.in/inf.v0 v0.9.1/go.mod h1:cWUDdTG/fYaXco+Dcufb5Vnc6Gp2YChqWtbxRZE0mXw=
gopkg.in/yaml.v2 v2.2.1/go.mod h1:hI93XBmqTisBFMUTm0b8Fm+jr3Dg1NNxqwp+5A1VGuI=
gopkg.in/yaml.v2 v2.2.2/go.mod h1:hI93XBmqTisBFMUTm0b8Fm+jr3Dg1NNxqwp+5A1VGuI=
gopkg.in/yaml.v3 v3.0.0-20200313102051-9f266ea9e77c/go.mod h1:K4uyk7z7BCEPqu6E+C64Yfv1cQ7kz7rIZviUmN+EgEM=
gopkg.in/yaml.v3 v3.0.1 h1:fxVm/GzAzEWqLHuvctI91KS9hhNmmWOoWu0XTYJS7CA=
gopkg.in/yaml.v3 v3.0.1/go.mod h1:K4uyk7z7BCEPqu6E+C64Yfv1cQ7kz7rIZviUmN+EgEM=
grpc.go4.org v0.0.0-20170609214715-11d0a25b4919/go.mod h1:77eQGdRu53HpSqPFJFmuJdjuHRquDANNeA4x7B8WQ9o=
honnef.co/go/tools v0.0.0-20180728063816-88497007e858/go.mod h1:rf3lG4BRIbNafJWhAfAdb/ePZxsR/4RtNHQocxwk9r4=
honnef.co/go/tools v0.0.0-20190102054323-c2f93a96b099/go.mod h1:rf3lG4BRIbNafJWhAfAdb/ePZxsR/4RtNHQocxwk9r4=
honnef.co/go/tools v0.0.0-20190106161140-3f1c8253044a/go.mod h1:rf3lG4BRIbNafJWhAfAdb/ePZxsR/4RtNHQocxwk9r4=
lukechampine.com/blake3 v1.4.1 h1:I3Smz7gso8w4/TunLKec6K2fn+kyKtDxr/xcQEN84Wg=
lukechampine.com/blake3 v1.4.1/go.mod h1:QFosUxmjB8mnrWFSNwKmvxHpfY72bmD2tQ0kBMM3kwo=
sourcegraph.com/sourcegraph/go-diff v0.5.0/go.mod h1:kuch7UrkMzY0X+p9CRK03kfuPQ2zzQcaEFbx8wA8rck=
sourcegraph.com/sqs/pbtypes v0.0.0-20180604144634-d3ebe8f20ae4/go.mod h1:ketZ/q3QxT9HOBeFhu6RdvsftgpsbFHBF5Cas6cDKZ0=
