// !$*UTF8*$!
{
	archiveVersion = 1;
	classes = {
	};
	objectVersion = 77;
	objects = {

/* Begin PBXBuildFile section */
		E09D17522F44F359009C51A3 /* MLXLLM in Frameworks */ = {isa = PBXBuildFile; productRef = E09D17512F44F359009C51A3 /* MLXLLM */; };
		E09D17542F44F359009C51A3 /* MLXLMCommon in Frameworks */ = {isa = PBXBuildFile; productRef = E09D17532F44F359009C51A3 /* MLXLMCommon */; };
/* End PBXBuildFile section */

/* Begin PBXContainerItemProxy section */
		E09D167D2F44CA20009C51A3 /* PBXContainerItemProxy */ = {
			isa = PBXContainerItemProxy;
			containerPortal = E09D16672F44CA1E009C51A3 /* Project object */;
			proxyType = 1;
			remoteGlobalIDString = E09D166E2F44CA1E009C51A3;
			remoteInfo = "EXO-iOS";
		};
		E09D16872F44CA20009C51A3 /* PBXContainerItemProxy */ = {
			isa = PBXContainerItemProxy;
			containerPortal = E09D16672F44CA1E009C51A3 /* Project object */;
			proxyType = 1;
			remoteGlobalIDString = E09D166E2F44CA1E009C51A3;
			remoteInfo = "EXO-iOS";
		};
/* End PBXContainerItemProxy section */

/* Begin PBXFileReference section */
		E09D166F2F44CA1E009C51A3 /* EXO-iOS.app */ = {isa = PBXFileReference; explicitFileType = wrapper.application; includeInIndex = 0; path = "EXO-iOS.app"; sourceTree = BUILT_PRODUCTS_DIR; };
		E09D167C2F44CA20009C51A3 /* EXO-iOSTests.xctest */ = {isa = PBXFileReference; explicitFileType = wrapper.cfbundle; includeInIndex = 0; path = "EXO-iOSTests.xctest"; sourceTree = BUILT_PRODUCTS_DIR; };
		E09D16862F44CA20009C51A3 /* EXO-iOSUITests.xctest */ = {isa = PBXFileReference; explicitFileType = wrapper.cfbundle; includeInIndex = 0; path = "EXO-iOSUITests.xctest"; sourceTree = BUILT_PRODUCTS_DIR; };
/* End PBXFileReference section */

/* Begin PBXFileSystemSynchronizedBuildFileExceptionSet section */
		E09D169A2F44CA20009C51A3 /* Exceptions for "EXO-iOS" folder in "EXO-iOS" target */ = {
			isa = PBXFileSystemSynchronizedBuildFileExceptionSet;
			membershipExceptions = (
				Info.plist,
			);
			target = E09D166E2F44CA1E009C51A3 /* EXO-iOS */;
		};
/* End PBXFileSystemSynchronizedBuildFileExceptionSet section */

/* Begin PBXFileSystemSynchronizedRootGroup section */
		E09D16712F44CA1E009C51A3 /* EXO-iOS */ = {
			isa = PBXFileSystemSynchronizedRootGroup;
			exceptions = (
				E09D169A2F44CA20009C51A3 /* Exceptions for "EXO-iOS" folder in "EXO-iOS" target */,
			);
			path = "EXO-iOS";
			sourceTree = "<group>";
		};
		E09D167F2F44CA20009C51A3 /* EXO-iOSTests */ = {
			isa = PBXFileSystemSynchronizedRootGroup;
			path = "EXO-iOSTests";
			sourceTree = "<group>";
		};
		E09D16892F44CA20009C51A3 /* EXO-iOSUITests */ = {
			isa = PBXFileSystemSynchronizedRootGroup;
			path = "EXO-iOSUITests";
			sourceTree = "<group>";
		};
/* End PBXFileSystemSynchronizedRootGroup section */

/* Begin PBXFrameworksBuildPhase section */
		E09D166C2F44CA1E009C51A3 /* Frameworks */ = {
			isa = PBXFrameworksBuildPhase;
			buildActionMask = 2147483647;
			files = (
				E09D17542F44F359009C51A3 /* MLXLMCommon in Frameworks */,
				E09D17522F44F359009C51A3 /* MLXLLM in Frameworks */,
			);
			runOnlyForDeploymentPostprocessing = 0;
		};
		E09D16792F44CA20009C51A3 /* Frameworks */ = {
			isa = PBXFrameworksBuildPhase;
			buildActionMask = 2147483647;
			files = (
			);
			runOnlyForDeploymentPostprocessing = 0;
		};
		E09D16832F44CA20009C51A3 /* Frameworks */ = {
			isa = PBXFrameworksBuildPhase;
			buildActionMask = 2147483647;
			files = (
			);
			runOnlyForDeploymentPostprocessing = 0;
		};
/* End PBXFrameworksBuildPhase section */

/* Begin PBXGroup section */
		E09D16662F44CA1E009C51A3 = {
			isa = PBXGroup;
			children = (
				E09D16712F44CA1E009C51A3 /* EXO-iOS */,
				E09D167F2F44CA20009C51A3 /* EXO-iOSTests */,
				E09D16892F44CA20009C51A3 /* EXO-iOSUITests */,
				E09D16702F44CA1E009C51A3 /* Products */,
			);
			sourceTree = "<group>";
		};
		E09D16702F44CA1E009C51A3 /* Products */ = {
			isa = PBXGroup;
			children = (
				E09D166F2F44CA1E009C51A3 /* EXO-iOS.app */,
				E09D167C2F44CA20009C51A3 /* EXO-iOSTests.xctest */,
				E09D16862F44CA20009C51A3 /* EXO-iOSUITests.xctest */,
			);
			name = Products;
			sourceTree = "<group>";
		};
/* End PBXGroup section */

/* Begin PBXNativeTarget section */
		E09D166E2F44CA1E009C51A3 /* EXO-iOS */ = {
			isa = PBXNativeTarget;
			buildConfigurationList = E09D16902F44CA20009C51A3 /* Build configuration list for PBXNativeTarget "EXO-iOS" */;
			buildPhases = (
				E09D166B2F44CA1E009C51A3 /* Sources */,
				E09D166C2F44CA1E009C51A3 /* Frameworks */,
				E09D166D2F44CA1E009C51A3 /* Resources */,
			);
			buildRules = (
			);
			dependencies = (
			);
			fileSystemSynchronizedGroups = (
				E09D16712F44CA1E009C51A3 /* EXO-iOS */,
			);
			name = "EXO-iOS";
			packageProductDependencies = (
				E09D17512F44F359009C51A3 /* MLXLLM */,
				E09D17532F44F359009C51A3 /* MLXLMCommon */,
			);
			productName = "EXO-iOS";
			productReference = E09D166F2F44CA1E009C51A3 /* EXO-iOS.app */;
			productType = "com.apple.product-type.application";
		};
		E09D167B2F44CA20009C51A3 /* EXO-iOSTests */ = {
			isa = PBXNativeTarget;
			buildConfigurationList = E09D16932F44CA20009C51A3 /* Build configuration list for PBXNativeTarget "EXO-iOSTests" */;
			buildPhases = (
				E09D16782F44CA20009C51A3 /* Sources */,
				E09D16792F44CA20009C51A3 /* Frameworks */,
				E09D167A2F44CA20009C51A3 /* Resources */,
			);
			buildRules = (
			);
			dependencies = (
				E09D167E2F44CA20009C51A3 /* PBXTargetDependency */,
			);
			fileSystemSynchronizedGroups = (
				E09D167F2F44CA20009C51A3 /* EXO-iOSTests */,
			);
			name = "EXO-iOSTests";
			packageProductDependencies = (
			);
			productName = "EXO-iOSTests";
			productReference = E09D167C2F44CA20009C51A3 /* EXO-iOSTests.xctest */;
			productType = "com.apple.product-type.bundle.unit-test";
		};
		E09D16852F44CA20009C51A3 /* EXO-iOSUITests */ = {
			isa = PBXNativeTarget;
			buildConfigurationList = E09D16962F44CA20009C51A3 /* Build configuration list for PBXNativeTarget "EXO-iOSUITests" */;
			buildPhases = (
				E09D16822F44CA20009C51A3 /* Sources */,
				E09D16832F44CA20009C51A3 /* Frameworks */,
				E09D16842F44CA20009C51A3 /* Resources */,
			);
			buildRules = (
			);
			dependencies = (
				E09D16882F44CA20009C51A3 /* PBXTargetDependency */,
			);
			fileSystemSynchronizedGroups = (
				E09D16892F44CA20009C51A3 /* EXO-iOSUITests */,
			);
			name = "EXO-iOSUITests";
			packageProductDependencies = (
			);
			productName = "EXO-iOSUITests";
			productReference = E09D16862F44CA20009C51A3 /* EXO-iOSUITests.xctest */;
			productType = "com.apple.product-type.bundle.ui-testing";
		};
/* End PBXNativeTarget section */

/* Begin PBXProject section */
		E09D16672F44CA1E009C51A3 /* Project object */ = {
			isa = PBXProject;
			attributes = {
				BuildIndependentTargetsInParallel = 1;
				LastSwiftUpdateCheck = 2620;
				LastUpgradeCheck = 2620;
				TargetAttributes = {
					E09D166E2F44CA1E009C51A3 = {
						CreatedOnToolsVersion = 26.2;
					};
					E09D167B2F44CA20009C51A3 = {
						CreatedOnToolsVersion = 26.2;
						TestTargetID = E09D166E2F44CA1E009C51A3;
					};
					E09D16852F44CA20009C51A3 = {
						CreatedOnToolsVersion = 26.2;
						TestTargetID = E09D166E2F44CA1E009C51A3;
					};
				};
			};
			buildConfigurationList = E09D166A2F44CA1E009C51A3 /* Build configuration list for PBXProject "EXO-iOS" */;
			developmentRegion = en;
			hasScannedForEncodings = 0;
			knownRegions = (
				en,
				Base,
			);
			mainGroup = E09D16662F44CA1E009C51A3;
			minimizedProjectReferenceProxies = 1;
			packageReferences = (
				E09D17502F44F359009C51A3 /* XCRemoteSwiftPackageReference "mlx-swift-lm" */,
			);
			preferredProjectObjectVersion = 77;
			productRefGroup = E09D16702F44CA1E009C51A3 /* Products */;
			projectDirPath = "";
			projectRoot = "";
			targets = (
				E09D166E2F44CA1E009C51A3 /* EXO-iOS */,
				E09D167B2F44CA20009C51A3 /* EXO-iOSTests */,
				E09D16852F44CA20009C51A3 /* EXO-iOSUITests */,
			);
		};
/* End PBXProject section */

/* Begin PBXResourcesBuildPhase section */
		E09D166D2F44CA1E009C51A3 /* Resources */ = {
			isa = PBXResourcesBuildPhase;
			buildActionMask = 2147483647;
			files = (
			);
			runOnlyForDeploymentPostprocessing = 0;
		};
		E09D167A2F44CA20009C51A3 /* Resources */ = {
			isa = PBXResourcesBuildPhase;
			buildActionMask = 2147483647;
			files = (
			);
			runOnlyForDeploymentPostprocessing = 0;
		};
		E09D16842F44CA20009C51A3 /* Resources */ = {
			isa = PBXResourcesBuildPhase;
			buildActionMask = 2147483647;
			files = (
			);
			runOnlyForDeploymentPostprocessing = 0;
		};
/* End PBXResourcesBuildPhase section */

/* Begin PBXSourcesBuildPhase section */
		E09D166B2F44CA1E009C51A3 /* Sources */ = {
			isa = PBXSourcesBuildPhase;
			buildActionMask = 2147483647;
			files = (
			);
			runOnlyForDeploymentPostprocessing = 0;
		};
		E09D16782F44CA20009C51A3 /* Sources */ = {
			isa = PBXSourcesBuildPhase;
			buildActionMask = 2147483647;
			files = (
			);
			runOnlyForDeploymentPostprocessing = 0;
		};
		E09D16822F44CA20009C51A3 /* Sources */ = {
			isa = PBXSourcesBuildPhase;
			buildActionMask = 2147483647;
			files = (
			);
			runOnlyForDeploymentPostprocessing = 0;
		};
/* End PBXSourcesBuildPhase section */

/* Begin PBXTargetDependency section */
		E09D167E2F44CA20009C51A3 /* PBXTargetDependency */ = {
			isa = PBXTargetDependency;
			target = E09D166E2F44CA1E009C51A3 /* EXO-iOS */;
			targetProxy = E09D167D2F44CA20009C51A3 /* PBXContainerItemProxy */;
		};
		E09D16882F44CA20009C51A3 /* PBXTargetDependency */ = {
			isa = PBXTargetDependency;
			target = E09D166E2F44CA1E009C51A3 /* EXO-iOS */;
			targetProxy = E09D16872F44CA20009C51A3 /* PBXContainerItemProxy */;
		};
/* End PBXTargetDependency section */

/* Begin XCBuildConfiguration section */
		E09D168E2F44CA20009C51A3 /* Debug */ = {
			isa = XCBuildConfiguration;
			buildSettings = {
				ALWAYS_SEARCH_USER_PATHS = NO;
				ASSETCATALOG_COMPILER_GENERATE_SWIFT_ASSET_SYMBOL_EXTENSIONS = YES;
				CLANG_ANALYZER_NONNULL = YES;
				CLANG_ANALYZER_NUMBER_OBJECT_CONVERSION = YES_AGGRESSIVE;
				CLANG_CXX_LANGUAGE_STANDARD = "gnu++20";
				CLANG_ENABLE_MODULES = YES;
				CLANG_ENABLE_OBJC_ARC = YES;
				CLANG_ENABLE_OBJC_WEAK = YES;
				CLANG_WARN_BLOCK_CAPTURE_AUTORELEASING = YES;
				CLANG_WARN_BOOL_CONVERSION = YES;
				CLANG_WARN_COMMA = YES;
				CLANG_WARN_CONSTANT_CONVERSION = YES;
				CLANG_WARN_DEPRECATED_OBJC_IMPLEMENTATIONS = YES;
				CLANG_WARN_DIRECT_OBJC_ISA_USAGE = YES_ERROR;
				CLANG_WARN_DOCUMENTATION_COMMENTS = YES;
				CLANG_WARN_EMPTY_BODY = YES;
				CLANG_WARN_ENUM_CONVERSION = YES;
				CLANG_WARN_INFINITE_RECURSION = YES;
				CLANG_WARN_INT_CONVERSION = YES;
				CLANG_WARN_NON_LITERAL_NULL_CONVERSION = YES;
				CLANG_WARN_OBJC_IMPLICIT_RETAIN_SELF = YES;
				CLANG_WARN_OBJC_LITERAL_CONVERSION = YES;
				CLANG_WARN_OBJC_ROOT_CLASS = YES_ERROR;
				CLANG_WARN_QUOTED_INCLUDE_IN_FRAMEWORK_HEADER = YES;
				CLANG_WARN_RANGE_LOOP_ANALYSIS = YES;
				CLANG_WARN_STRICT_PROTOTYPES = YES;
				CLANG_WARN_SUSPICIOUS_MOVE = YES;
				CLANG_WARN_UNGUARDED_AVAILABILITY = YES_AGGRESSIVE;
				CLANG_WARN_UNREACHABLE_CODE = YES;
				CLANG_WARN__DUPLICATE_METHOD_MATCH = YES;
				COPY_PHASE_STRIP = NO;
				DEBUG_INFORMATION_FORMAT = dwarf;
				ENABLE_STRICT_OBJC_MSGSEND = YES;
				ENABLE_TESTABILITY = YES;
				ENABLE_USER_SCRIPT_SANDBOXING = YES;
				GCC_C_LANGUAGE_STANDARD = gnu17;
				GCC_DYNAMIC_NO_PIC = NO;
				GCC_NO_COMMON_BLOCKS = YES;
				GCC_OPTIMIZATION_LEVEL = 0;
				GCC_PREPROCESSOR_DEFINITIONS = (
					"DEBUG=1",
					"$(inherited)",
				);
				GCC_WARN_64_TO_32_BIT_CONVERSION = YES;
				GCC_WARN_ABOUT_RETURN_TYPE = YES_ERROR;
				GCC_WARN_UNDECLARED_SELECTOR = YES;
				GCC_WARN_UNINITIALIZED_AUTOS = YES_AGGRESSIVE;
				GCC_WARN_UNUSED_FUNCTION = YES;
				GCC_WARN_UNUSED_VARIABLE = YES;
				IPHONEOS_DEPLOYMENT_TARGET = 26.2;
				LOCALIZATION_PREFERS_STRING_CATALOGS = YES;
				MTL_ENABLE_DEBUG_INFO = INCLUDE_SOURCE;
				MTL_FAST_MATH = YES;
				ONLY_ACTIVE_ARCH = YES;
				SDKROOT = iphoneos;
				SWIFT_ACTIVE_COMPILATION_CONDITIONS = "DEBUG $(inherited)";
				SWIFT_OPTIMIZATION_LEVEL = "-Onone";
			};
			name = Debug;
		};
		E09D168F2F44CA20009C51A3 /* Release */ = {
			isa = XCBuildConfiguration;
			buildSettings = {
				ALWAYS_SEARCH_USER_PATHS = NO;
				ASSETCATALOG_COMPILER_GENERATE_SWIFT_ASSET_SYMBOL_EXTENSIONS = YES;
				CLANG_ANALYZER_NONNULL = YES;
				CLANG_ANALYZER_NUMBER_OBJECT_CONVERSION = YES_AGGRESSIVE;
				CLANG_CXX_LANGUAGE_STANDARD = "gnu++20";
				CLANG_ENABLE_MODULES = YES;
				CLANG_ENABLE_OBJC_ARC = YES;
				CLANG_ENABLE_OBJC_WEAK = YES;
				CLANG_WARN_BLOCK_CAPTURE_AUTORELEASING = YES;
				CLANG_WARN_BOOL_CONVERSION = YES;
				CLANG_WARN_COMMA = YES;
				CLANG_WARN_CONSTANT_CONVERSION = YES;
				CLANG_WARN_DEPRECATED_OBJC_IMPLEMENTATIONS = YES;
				CLANG_WARN_DIRECT_OBJC_ISA_USAGE = YES_ERROR;
				CLANG_WARN_DOCUMENTATION_COMMENTS = YES;
				CLANG_WARN_EMPTY_BODY = YES;
				CLANG_WARN_ENUM_CONVERSION = YES;
				CLANG_WARN_INFINITE_RECURSION = YES;
				CLANG_WARN_INT_CONVERSION = YES;
				CLANG_WARN_NON_LITERAL_NULL_CONVERSION = YES;
				CLANG_WARN_OBJC_IMPLICIT_RETAIN_SELF = YES;
				CLANG_WARN_OBJC_LITERAL_CONVERSION = YES;
				CLANG_WARN_OBJC_ROOT_CLASS = YES_ERROR;
				CLANG_WARN_QUOTED_INCLUDE_IN_FRAMEWORK_HEADER = YES;
				CLANG_WARN_RANGE_LOOP_ANALYSIS = YES;
				CLANG_WARN_STRICT_PROTOTYPES = YES;
				CLANG_WARN_SUSPICIOUS_MOVE = YES;
				CLANG_WARN_UNGUARDED_AVAILABILITY = YES_AGGRESSIVE;
				CLANG_WARN_UNREACHABLE_CODE = YES;
				CLANG_WARN__DUPLICATE_METHOD_MATCH = YES;
				COPY_PHASE_STRIP = NO;
				DEBUG_INFORMATION_FORMAT = "dwarf-with-dsym";
				ENABLE_NS_ASSERTIONS = NO;
				ENABLE_STRICT_OBJC_MSGSEND = YES;
				ENABLE_USER_SCRIPT_SANDBOXING = YES;
				GCC_C_LANGUAGE_STANDARD = gnu17;
				GCC_NO_COMMON_BLOCKS = YES;
				GCC_WARN_64_TO_32_BIT_CONVERSION = YES;
				GCC_WARN_ABOUT_RETURN_TYPE = YES_ERROR;
				GCC_WARN_UNDECLARED_SELECTOR = YES;
				GCC_WARN_UNINITIALIZED_AUTOS = YES_AGGRESSIVE;
				GCC_WARN_UNUSED_FUNCTION = YES;
				GCC_WARN_UNUSED_VARIABLE = YES;
				IPHONEOS_DEPLOYMENT_TARGET = 26.2;
				LOCALIZATION_PREFERS_STRING_CATALOGS = YES;
				MTL_ENABLE_DEBUG_INFO = NO;
				MTL_FAST_MATH = YES;
				SDKROOT = iphoneos;
				SWIFT_COMPILATION_MODE = wholemodule;
				VALIDATE_PRODUCT = YES;
			};
			name = Release;
		};
		E09D16912F44CA20009C51A3 /* Debug */ = {
			isa = XCBuildConfiguration;
			buildSettings = {
				ASSETCATALOG_COMPILER_APPICON_NAME = AppIcon;
				ASSETCATALOG_COMPILER_GLOBAL_ACCENT_COLOR_NAME = AccentColor;
				CODE_SIGN_STYLE = Automatic;
				CURRENT_PROJECT_VERSION = 1;
				DEVELOPMENT_TEAM = 3M3M67U93M;
				ENABLE_PREVIEWS = YES;
				GENERATE_INFOPLIST_FILE = YES;
				INFOPLIST_FILE = "EXO-iOS/Info.plist";
				INFOPLIST_KEY_UIApplicationSceneManifest_Generation = YES;
				INFOPLIST_KEY_UIApplicationSupportsIndirectInputEvents = YES;
				INFOPLIST_KEY_UILaunchScreen_Generation = YES;
				INFOPLIST_KEY_UISupportedInterfaceOrientations_iPad = "UIInterfaceOrientationPortrait UIInterfaceOrientationPortraitUpsideDown UIInterfaceOrientationLandscapeLeft UIInterfaceOrientationLandscapeRight";
				INFOPLIST_KEY_UISupportedInterfaceOrientations_iPhone = "UIInterfaceOrientationPortrait UIInterfaceOrientationLandscapeLeft UIInterfaceOrientationLandscapeRight";
				LD_RUNPATH_SEARCH_PATHS = (
					"$(inherited)",
					"@executable_path/Frameworks",
				);
				MARKETING_VERSION = 1.0;
				PRODUCT_BUNDLE_IDENTIFIER = "com.exo.EXO-iOS";
				PRODUCT_NAME = "$(TARGET_NAME)";
				STRING_CATALOG_GENERATE_SYMBOLS = YES;
				SWIFT_APPROACHABLE_CONCURRENCY = YES;
				SWIFT_DEFAULT_ACTOR_ISOLATION = MainActor;
				SWIFT_EMIT_LOC_STRINGS = YES;
				SWIFT_UPCOMING_FEATURE_MEMBER_IMPORT_VISIBILITY = YES;
				SWIFT_VERSION = 5.0;
				TARGETED_DEVICE_FAMILY = "1,2";
			};
			name = Debug;
		};
		E09D16922F44CA20009C51A3 /* Release */ = {
			isa = XCBuildConfiguration;
			buildSettings = {
				ASSETCATALOG_COMPILER_APPICON_NAME = AppIcon;
				ASSETCATALOG_COMPILER_GLOBAL_ACCENT_COLOR_NAME = AccentColor;
				CODE_SIGN_STYLE = Automatic;
				CURRENT_PROJECT_VERSION = 1;
				DEVELOPMENT_TEAM = 3M3M67U93M;
				ENABLE_PREVIEWS = YES;
				GENERATE_INFOPLIST_FILE = YES;
				INFOPLIST_FILE = "EXO-iOS/Info.plist";
				INFOPLIST_KEY_UIApplicationSceneManifest_Generation = YES;
				INFOPLIST_KEY_UIApplicationSupportsIndirectInputEvents = YES;
				INFOPLIST_KEY_UILaunchScreen_Generation = YES;
				INFOPLIST_KEY_UISupportedInterfaceOrientations_iPad = "UIInterfaceOrientationPortrait UIInterfaceOrientationPortraitUpsideDown UIInterfaceOrientationLandscapeLeft UIInterfaceOrientationLandscapeRight";
				INFOPLIST_KEY_UISupportedInterfaceOrientations_iPhone = "UIInterfaceOrientationPortrait UIInterfaceOrientationLandscapeLeft UIInterfaceOrientationLandscapeRight";
				LD_RUNPATH_SEARCH_PATHS = (
					"$(inherited)",
					"@executable_path/Frameworks",
				);
				MARKETING_VERSION = 1.0;
				PRODUCT_BUNDLE_IDENTIFIER = "com.exo.EXO-iOS";
				PRODUCT_NAME = "$(TARGET_NAME)";
				STRING_CATALOG_GENERATE_SYMBOLS = YES;
				SWIFT_APPROACHABLE_CONCURRENCY = YES;
				SWIFT_DEFAULT_ACTOR_ISOLATION = MainActor;
				SWIFT_EMIT_LOC_STRINGS = YES;
				SWIFT_UPCOMING_FEATURE_MEMBER_IMPORT_VISIBILITY = YES;
				SWIFT_VERSION = 5.0;
				TARGETED_DEVICE_FAMILY = "1,2";
			};
			name = Release;
		};
		E09D16942F44CA20009C51A3 /* Debug */ = {
			isa = XCBuildConfiguration;
			buildSettings = {
				BUNDLE_LOADER = "$(TEST_HOST)";
				CODE_SIGN_STYLE = Automatic;
				CURRENT_PROJECT_VERSION = 1;
				GENERATE_INFOPLIST_FILE = YES;
				IPHONEOS_DEPLOYMENT_TARGET = 26.2;
				MARKETING_VERSION = 1.0;
				PRODUCT_BUNDLE_IDENTIFIER = "com.exo.EXO-iOSTests";
				PRODUCT_NAME = "$(TARGET_NAME)";
				STRING_CATALOG_GENERATE_SYMBOLS = NO;
				SWIFT_APPROACHABLE_CONCURRENCY = YES;
				SWIFT_EMIT_LOC_STRINGS = NO;
				SWIFT_UPCOMING_FEATURE_MEMBER_IMPORT_VISIBILITY = YES;
				SWIFT_VERSION = 5.0;
				TARGETED_DEVICE_FAMILY = "1,2";
				TEST_HOST = "$(BUILT_PRODUCTS_DIR)/EXO-iOS.app/$(BUNDLE_EXECUTABLE_FOLDER_PATH)/EXO-iOS";
			};
			name = Debug;
		};
		E09D16952F44CA20009C51A3 /* Release */ = {
			isa = XCBuildConfiguration;
			buildSettings = {
				BUNDLE_LOADER = "$(TEST_HOST)";
				CODE_SIGN_STYLE = Automatic;
				CURRENT_PROJECT_VERSION = 1;
				GENERATE_INFOPLIST_FILE = YES;
				IPHONEOS_DEPLOYMENT_TARGET = 26.2;
				MARKETING_VERSION = 1.0;
				PRODUCT_BUNDLE_IDENTIFIER = "com.exo.EXO-iOSTests";
				PRODUCT_NAME = "$(TARGET_NAME)";
				STRING_CATALOG_GENERATE_SYMBOLS = NO;
				SWIFT_APPROACHABLE_CONCURRENCY = YES;
				SWIFT_EMIT_LOC_STRINGS = NO;
				SWIFT_UPCOMING_FEATURE_MEMBER_IMPORT_VISIBILITY = YES;
				SWIFT_VERSION = 5.0;
				TARGETED_DEVICE_FAMILY = "1,2";
				TEST_HOST = "$(BUILT_PRODUCTS_DIR)/EXO-iOS.app/$(BUNDLE_EXECUTABLE_FOLDER_PATH)/EXO-iOS";
			};
			name = Release;
		};
		E09D16972F44CA20009C51A3 /* Debug */ = {
			isa = XCBuildConfiguration;
			buildSettings = {
				CODE_SIGN_STYLE = Automatic;
				CURRENT_PROJECT_VERSION = 1;
				GENERATE_INFOPLIST_FILE = YES;
				MARKETING_VERSION = 1.0;
				PRODUCT_BUNDLE_IDENTIFIER = "com.exo.EXO-iOSUITests";
				PRODUCT_NAME = "$(TARGET_NAME)";
				STRING_CATALOG_GENERATE_SYMBOLS = NO;
				SWIFT_APPROACHABLE_CONCURRENCY = YES;
				SWIFT_EMIT_LOC_STRINGS = NO;
				SWIFT_UPCOMING_FEATURE_MEMBER_IMPORT_VISIBILITY = YES;
				SWIFT_VERSION = 5.0;
				TARGETED_DEVICE_FAMILY = "1,2";
				TEST_TARGET_NAME = "EXO-iOS";
			};
			name = Debug;
		};
		E09D16982F44CA20009C51A3 /* Release */ = {
			isa = XCBuildConfiguration;
			buildSettings = {
				CODE_SIGN_STYLE = Automatic;
				CURRENT_PROJECT_VERSION = 1;
				GENERATE_INFOPLIST_FILE = YES;
				MARKETING_VERSION = 1.0;
				PRODUCT_BUNDLE_IDENTIFIER = "com.exo.EXO-iOSUITests";
				PRODUCT_NAME = "$(TARGET_NAME)";
				STRING_CATALOG_GENERATE_SYMBOLS = NO;
				SWIFT_APPROACHABLE_CONCURRENCY = YES;
				SWIFT_EMIT_LOC_STRINGS = NO;
				SWIFT_UPCOMING_FEATURE_MEMBER_IMPORT_VISIBILITY = YES;
				SWIFT_VERSION = 5.0;
				TARGETED_DEVICE_FAMILY = "1,2";
				TEST_TARGET_NAME = "EXO-iOS";
			};
			name = Release;
		};
/* End XCBuildConfiguration section */

/* Begin XCConfigurationList section */
		E09D166A2F44CA1E009C51A3 /* Build configuration list for PBXProject "EXO-iOS" */ = {
			isa = XCConfigurationList;
			buildConfigurations = (
				E09D168E2F44CA20009C51A3 /* Debug */,
				E09D168F2F44CA20009C51A3 /* Release */,
			);
			defaultConfigurationIsVisible = 0;
			defaultConfigurationName = Release;
		};
		E09D16902F44CA20009C51A3 /* Build configuration list for PBXNativeTarget "EXO-iOS" */ = {
			isa = XCConfigurationList;
			buildConfigurations = (
				E09D16912F44CA20009C51A3 /* Debug */,
				E09D16922F44CA20009C51A3 /* Release */,
			);
			defaultConfigurationIsVisible = 0;
			defaultConfigurationName = Release;
		};
		E09D16932F44CA20009C51A3 /* Build configuration list for PBXNativeTarget "EXO-iOSTests" */ = {
			isa = XCConfigurationList;
			buildConfigurations = (
				E09D16942F44CA20009C51A3 /* Debug */,
				E09D16952F44CA20009C51A3 /* Release */,
			);
			defaultConfigurationIsVisible = 0;
			defaultConfigurationName = Release;
		};
		E09D16962F44CA20009C51A3 /* Build configuration list for PBXNativeTarget "EXO-iOSUITests" */ = {
			isa = XCConfigurationList;
			buildConfigurations = (
				E09D16972F44CA20009C51A3 /* Debug */,
				E09D16982F44CA20009C51A3 /* Release */,
			);
			defaultConfigurationIsVisible = 0;
			defaultConfigurationName = Release;
		};
/* End XCConfigurationList section */

/* Begin XCRemoteSwiftPackageReference section */
		E09D17502F44F359009C51A3 /* XCRemoteSwiftPackageReference "mlx-swift-lm" */ = {
			isa = XCRemoteSwiftPackageReference;
			repositoryURL = "https://github.com/ml-explore/mlx-swift-lm";
			requirement = {
				kind = upToNextMajorVersion;
				minimumVersion = 2.30.3;
			};
		};
/* End XCRemoteSwiftPackageReference section */

/* Begin XCSwiftPackageProductDependency section */
		E09D17512F44F359009C51A3 /* MLXLLM */ = {
			isa = XCSwiftPackageProductDependency;
			package = E09D17502F44F359009C51A3 /* XCRemoteSwiftPackageReference "mlx-swift-lm" */;
			productName = MLXLLM;
		};
		E09D17532F44F359009C51A3 /* MLXLMCommon */ = {
			isa = XCSwiftPackageProductDependency;
			package = E09D17502F44F359009C51A3 /* XCRemoteSwiftPackageReference "mlx-swift-lm" */;
			productName = MLXLMCommon;
		};
/* End XCSwiftPackageProductDependency section */
	};
	rootObject = E09D16672F44CA1E009C51A3 /* Project object */;
}
